
Microsoft Visual Studio Solution File, Format Version 12.00
# Visual Studio 2013
VisualStudioVersion = 12.0.40629.0
MinimumVisualStudioVersion = 10.0.40219.1
Project("{FAE04EC0-301F-11D3-BF4B-00C04F79EFBC}") = "GenericTypes", "GenericTypes\GenericTypes.csproj", "{5CF8BD5F-D7ED-4506-BB66-3DB5CE289C57}"
EndProject
Project("{FAE04EC0-301F-11D3-BF4B-00C04F79EFBC}") = "ThreadAndTaskTutorial", "ThreadAndTasks\ThreadAndTaskTutorial.csproj", "{B6C94842-8801-446B-AF97-518E39204BF0}"
EndProject
Project("{FAE04EC0-301F-11D3-BF4B-00C04F79EFBC}") = "DepInjection", "DepInjection\DepInjection.csproj", "{012246B7-00F5-4EA1-81EF-7215900E2374}"
EndProject
Project("{FAE04EC0-301F-11D3-BF4B-00C04F79EFBC}") = "WpfTest", "WpfTest\WpfTest.csproj", "{3AADD528-87ED-48D0-8AAE-88716D68C877}"
EndProject
Project("{FAE04EC0-301F-11D3-BF4B-00C04F79EFBC}") = "Events", "Events\Events.csproj", "{C0DDBE4A-0C3C-43DD-9F1D-A59AC2B86A07}"
EndProject
Project("{FAE04EC0-301F-11D3-BF4B-00C04F79EFBC}") = "ExtensionMethods", "ExtensionMethods\ExtensionMethods.csproj", "{B9DC76B6-49A6-43E9-A28A-76277DA3411D}"
EndProject
Project("{FAE04EC0-301F-11D3-BF4B-00C04F79EFBC}") = "CollectionInterfaces", "CollectionInterfaces\CollectionInterfaces.csproj", "{649C3A1D-62C7-4A31-9DAE-AA705F8E9CB3}"
EndProject
Project("{FAE04EC0-301F-11D3-BF4B-00C04F79EFBC}") = "SingletonSample", "Singleton\SingletonSample.csproj", "{244060FC-7049-4491-9C07-439F4B82AEB3}"
EndProject
Project("{FAE04EC0-301F-11D3-BF4B-00C04F79EFBC}") = "LINQ", "LINQ\LINQ.csproj", "{E955B060-3421-487E-847C-40119FCE3F3C}"
EndProject
Project("{FAE04EC0-301F-11D3-BF4B-00C04F79EFBC}") = "UnitTests", "UnitTests\UnitTests.csproj", "{5E26A7BA-E770-44E7-A9AC-735E89D5667B}"
EndProject
Project("{FAE04EC0-301F-11D3-BF4B-00C04F79EFBC}") = "MemoryGame", "MemoryGame\MemoryGame.csproj", "{1D350725-3BC0-456D-AAA7-2F8D043EF53A}"
EndProject
Project("{FAE04EC0-301F-11D3-BF4B-00C04F79EFBC}") = "StrategyPattern", "StrategyPattern\StrategyPattern.csproj", "{A2EB06A0-91DB-457B-ADDC-C0BCBA202C00}"
EndProject
Project("{FAE04EC0-301F-11D3-BF4B-00C04F79EFBC}") = "BuilderPattern", "BuilderPattern\BuilderPattern.csproj", "{1E024BDA-A744-4D54-BB23-421E05D872F3}"
EndProject
<<<<<<< HEAD
Project("{FAE04EC0-301F-11D3-BF4B-00C04F79EFBC}") = "OODB", "OODB\OODB.csproj", "{F355B054-9266-4FC6-B8E6-DCFA64DC53B9}"
=======
Project("{FAE04EC0-301F-11D3-BF4B-00C04F79EFBC}") = "VisitorPattern", "VisitorPattern\VisitorPattern.csproj", "{46B566B1-65E7-4E21-A03E-4C6691984863}"
EndProject
Project("{FAE04EC0-301F-11D3-BF4B-00C04F79EFBC}") = "Reflection", "Reflection\Reflection.csproj", "{D64C0FB4-8C61-4840-8A42-4441E1FB1AE8}"
EndProject
Project("{FAE04EC0-301F-11D3-BF4B-00C04F79EFBC}") = "CommonUtilsLibrary", "CommonUtilsLibrary\CommonUtilsLibrary.csproj", "{D1B240F3-CAFB-45E7-8437-5792640E91E5}"
>>>>>>> adfe1897b97645234fa16f012bd60b1ee4f70683
EndProject
Global
	GlobalSection(SolutionConfigurationPlatforms) = preSolution
		Debug|Any CPU = Debug|Any CPU
		Debug|Mixed Platforms = Debug|Mixed Platforms
		Debug|x86 = Debug|x86
		Release|Any CPU = Release|Any CPU
		Release|Mixed Platforms = Release|Mixed Platforms
		Release|x86 = Release|x86
	EndGlobalSection
	GlobalSection(ProjectConfigurationPlatforms) = postSolution
		{5CF8BD5F-D7ED-4506-BB66-3DB5CE289C57}.Debug|Any CPU.ActiveCfg = Debug|Any CPU
		{5CF8BD5F-D7ED-4506-BB66-3DB5CE289C57}.Debug|Any CPU.Build.0 = Debug|Any CPU
		{5CF8BD5F-D7ED-4506-BB66-3DB5CE289C57}.Debug|Mixed Platforms.ActiveCfg = Debug|Any CPU
		{5CF8BD5F-D7ED-4506-BB66-3DB5CE289C57}.Debug|Mixed Platforms.Build.0 = Debug|Any CPU
		{5CF8BD5F-D7ED-4506-BB66-3DB5CE289C57}.Debug|x86.ActiveCfg = Debug|Any CPU
		{5CF8BD5F-D7ED-4506-BB66-3DB5CE289C57}.Release|Any CPU.ActiveCfg = Release|Any CPU
		{5CF8BD5F-D7ED-4506-BB66-3DB5CE289C57}.Release|Any CPU.Build.0 = Release|Any CPU
		{5CF8BD5F-D7ED-4506-BB66-3DB5CE289C57}.Release|Mixed Platforms.ActiveCfg = Release|Any CPU
		{5CF8BD5F-D7ED-4506-BB66-3DB5CE289C57}.Release|Mixed Platforms.Build.0 = Release|Any CPU
		{5CF8BD5F-D7ED-4506-BB66-3DB5CE289C57}.Release|x86.ActiveCfg = Release|Any CPU
		{B6C94842-8801-446B-AF97-518E39204BF0}.Debug|Any CPU.ActiveCfg = Debug|Any CPU
		{B6C94842-8801-446B-AF97-518E39204BF0}.Debug|Any CPU.Build.0 = Debug|Any CPU
		{B6C94842-8801-446B-AF97-518E39204BF0}.Debug|Mixed Platforms.ActiveCfg = Debug|Any CPU
		{B6C94842-8801-446B-AF97-518E39204BF0}.Debug|Mixed Platforms.Build.0 = Debug|Any CPU
		{B6C94842-8801-446B-AF97-518E39204BF0}.Debug|x86.ActiveCfg = Debug|Any CPU
		{B6C94842-8801-446B-AF97-518E39204BF0}.Release|Any CPU.ActiveCfg = Release|Any CPU
		{B6C94842-8801-446B-AF97-518E39204BF0}.Release|Any CPU.Build.0 = Release|Any CPU
		{B6C94842-8801-446B-AF97-518E39204BF0}.Release|Mixed Platforms.ActiveCfg = Release|Any CPU
		{B6C94842-8801-446B-AF97-518E39204BF0}.Release|Mixed Platforms.Build.0 = Release|Any CPU
		{B6C94842-8801-446B-AF97-518E39204BF0}.Release|x86.ActiveCfg = Release|Any CPU
		{012246B7-00F5-4EA1-81EF-7215900E2374}.Debug|Any CPU.ActiveCfg = Debug|Any CPU
		{012246B7-00F5-4EA1-81EF-7215900E2374}.Debug|Any CPU.Build.0 = Debug|Any CPU
		{012246B7-00F5-4EA1-81EF-7215900E2374}.Debug|Mixed Platforms.ActiveCfg = Debug|Any CPU
		{012246B7-00F5-4EA1-81EF-7215900E2374}.Debug|Mixed Platforms.Build.0 = Debug|Any CPU
		{012246B7-00F5-4EA1-81EF-7215900E2374}.Debug|x86.ActiveCfg = Debug|Any CPU
		{012246B7-00F5-4EA1-81EF-7215900E2374}.Release|Any CPU.ActiveCfg = Release|Any CPU
		{012246B7-00F5-4EA1-81EF-7215900E2374}.Release|Any CPU.Build.0 = Release|Any CPU
		{012246B7-00F5-4EA1-81EF-7215900E2374}.Release|Mixed Platforms.ActiveCfg = Release|Any CPU
		{012246B7-00F5-4EA1-81EF-7215900E2374}.Release|Mixed Platforms.Build.0 = Release|Any CPU
		{012246B7-00F5-4EA1-81EF-7215900E2374}.Release|x86.ActiveCfg = Release|Any CPU
		{3AADD528-87ED-48D0-8AAE-88716D68C877}.Debug|Any CPU.ActiveCfg = Debug|Any CPU
		{3AADD528-87ED-48D0-8AAE-88716D68C877}.Debug|Any CPU.Build.0 = Debug|Any CPU
		{3AADD528-87ED-48D0-8AAE-88716D68C877}.Debug|Mixed Platforms.ActiveCfg = Debug|Any CPU
		{3AADD528-87ED-48D0-8AAE-88716D68C877}.Debug|Mixed Platforms.Build.0 = Debug|Any CPU
		{3AADD528-87ED-48D0-8AAE-88716D68C877}.Debug|x86.ActiveCfg = Debug|Any CPU
		{3AADD528-87ED-48D0-8AAE-88716D68C877}.Release|Any CPU.ActiveCfg = Release|Any CPU
		{3AADD528-87ED-48D0-8AAE-88716D68C877}.Release|Any CPU.Build.0 = Release|Any CPU
		{3AADD528-87ED-48D0-8AAE-88716D68C877}.Release|Mixed Platforms.ActiveCfg = Release|Any CPU
		{3AADD528-87ED-48D0-8AAE-88716D68C877}.Release|Mixed Platforms.Build.0 = Release|Any CPU
		{3AADD528-87ED-48D0-8AAE-88716D68C877}.Release|x86.ActiveCfg = Release|Any CPU
		{C0DDBE4A-0C3C-43DD-9F1D-A59AC2B86A07}.Debug|Any CPU.ActiveCfg = Debug|Any CPU
		{C0DDBE4A-0C3C-43DD-9F1D-A59AC2B86A07}.Debug|Any CPU.Build.0 = Debug|Any CPU
		{C0DDBE4A-0C3C-43DD-9F1D-A59AC2B86A07}.Debug|Mixed Platforms.ActiveCfg = Debug|Any CPU
		{C0DDBE4A-0C3C-43DD-9F1D-A59AC2B86A07}.Debug|Mixed Platforms.Build.0 = Debug|Any CPU
		{C0DDBE4A-0C3C-43DD-9F1D-A59AC2B86A07}.Debug|x86.ActiveCfg = Debug|Any CPU
		{C0DDBE4A-0C3C-43DD-9F1D-A59AC2B86A07}.Release|Any CPU.ActiveCfg = Release|Any CPU
		{C0DDBE4A-0C3C-43DD-9F1D-A59AC2B86A07}.Release|Any CPU.Build.0 = Release|Any CPU
		{C0DDBE4A-0C3C-43DD-9F1D-A59AC2B86A07}.Release|Mixed Platforms.ActiveCfg = Release|Any CPU
		{C0DDBE4A-0C3C-43DD-9F1D-A59AC2B86A07}.Release|Mixed Platforms.Build.0 = Release|Any CPU
		{C0DDBE4A-0C3C-43DD-9F1D-A59AC2B86A07}.Release|x86.ActiveCfg = Release|Any CPU
		{B9DC76B6-49A6-43E9-A28A-76277DA3411D}.Debug|Any CPU.ActiveCfg = Debug|Any CPU
		{B9DC76B6-49A6-43E9-A28A-76277DA3411D}.Debug|Any CPU.Build.0 = Debug|Any CPU
		{B9DC76B6-49A6-43E9-A28A-76277DA3411D}.Debug|Mixed Platforms.ActiveCfg = Debug|Any CPU
		{B9DC76B6-49A6-43E9-A28A-76277DA3411D}.Debug|Mixed Platforms.Build.0 = Debug|Any CPU
		{B9DC76B6-49A6-43E9-A28A-76277DA3411D}.Debug|x86.ActiveCfg = Debug|Any CPU
		{B9DC76B6-49A6-43E9-A28A-76277DA3411D}.Release|Any CPU.ActiveCfg = Release|Any CPU
		{B9DC76B6-49A6-43E9-A28A-76277DA3411D}.Release|Any CPU.Build.0 = Release|Any CPU
		{B9DC76B6-49A6-43E9-A28A-76277DA3411D}.Release|Mixed Platforms.ActiveCfg = Release|Any CPU
		{B9DC76B6-49A6-43E9-A28A-76277DA3411D}.Release|Mixed Platforms.Build.0 = Release|Any CPU
		{B9DC76B6-49A6-43E9-A28A-76277DA3411D}.Release|x86.ActiveCfg = Release|Any CPU
		{649C3A1D-62C7-4A31-9DAE-AA705F8E9CB3}.Debug|Any CPU.ActiveCfg = Debug|Any CPU
		{649C3A1D-62C7-4A31-9DAE-AA705F8E9CB3}.Debug|Any CPU.Build.0 = Debug|Any CPU
		{649C3A1D-62C7-4A31-9DAE-AA705F8E9CB3}.Debug|Mixed Platforms.ActiveCfg = Debug|Any CPU
		{649C3A1D-62C7-4A31-9DAE-AA705F8E9CB3}.Debug|Mixed Platforms.Build.0 = Debug|Any CPU
		{649C3A1D-62C7-4A31-9DAE-AA705F8E9CB3}.Debug|x86.ActiveCfg = Debug|Any CPU
		{649C3A1D-62C7-4A31-9DAE-AA705F8E9CB3}.Release|Any CPU.ActiveCfg = Release|Any CPU
		{649C3A1D-62C7-4A31-9DAE-AA705F8E9CB3}.Release|Any CPU.Build.0 = Release|Any CPU
		{649C3A1D-62C7-4A31-9DAE-AA705F8E9CB3}.Release|Mixed Platforms.ActiveCfg = Release|Any CPU
		{649C3A1D-62C7-4A31-9DAE-AA705F8E9CB3}.Release|Mixed Platforms.Build.0 = Release|Any CPU
		{649C3A1D-62C7-4A31-9DAE-AA705F8E9CB3}.Release|x86.ActiveCfg = Release|Any CPU
		{244060FC-7049-4491-9C07-439F4B82AEB3}.Debug|Any CPU.ActiveCfg = Debug|Any CPU
		{244060FC-7049-4491-9C07-439F4B82AEB3}.Debug|Any CPU.Build.0 = Debug|Any CPU
		{244060FC-7049-4491-9C07-439F4B82AEB3}.Debug|Mixed Platforms.ActiveCfg = Debug|Any CPU
		{244060FC-7049-4491-9C07-439F4B82AEB3}.Debug|Mixed Platforms.Build.0 = Debug|Any CPU
		{244060FC-7049-4491-9C07-439F4B82AEB3}.Debug|x86.ActiveCfg = Debug|Any CPU
		{244060FC-7049-4491-9C07-439F4B82AEB3}.Release|Any CPU.ActiveCfg = Release|Any CPU
		{244060FC-7049-4491-9C07-439F4B82AEB3}.Release|Any CPU.Build.0 = Release|Any CPU
		{244060FC-7049-4491-9C07-439F4B82AEB3}.Release|Mixed Platforms.ActiveCfg = Release|Any CPU
		{244060FC-7049-4491-9C07-439F4B82AEB3}.Release|Mixed Platforms.Build.0 = Release|Any CPU
		{244060FC-7049-4491-9C07-439F4B82AEB3}.Release|x86.ActiveCfg = Release|Any CPU
		{E955B060-3421-487E-847C-40119FCE3F3C}.Debug|Any CPU.ActiveCfg = Debug|Any CPU
		{E955B060-3421-487E-847C-40119FCE3F3C}.Debug|Any CPU.Build.0 = Debug|Any CPU
		{E955B060-3421-487E-847C-40119FCE3F3C}.Debug|Mixed Platforms.ActiveCfg = Debug|Any CPU
		{E955B060-3421-487E-847C-40119FCE3F3C}.Debug|Mixed Platforms.Build.0 = Debug|Any CPU
		{E955B060-3421-487E-847C-40119FCE3F3C}.Debug|x86.ActiveCfg = Debug|Any CPU
		{E955B060-3421-487E-847C-40119FCE3F3C}.Release|Any CPU.ActiveCfg = Release|Any CPU
		{E955B060-3421-487E-847C-40119FCE3F3C}.Release|Any CPU.Build.0 = Release|Any CPU
		{E955B060-3421-487E-847C-40119FCE3F3C}.Release|Mixed Platforms.ActiveCfg = Release|Any CPU
		{E955B060-3421-487E-847C-40119FCE3F3C}.Release|Mixed Platforms.Build.0 = Release|Any CPU
		{E955B060-3421-487E-847C-40119FCE3F3C}.Release|x86.ActiveCfg = Release|Any CPU
		{5E26A7BA-E770-44E7-A9AC-735E89D5667B}.Debug|Any CPU.ActiveCfg = Debug|Any CPU
		{5E26A7BA-E770-44E7-A9AC-735E89D5667B}.Debug|Any CPU.Build.0 = Debug|Any CPU
		{5E26A7BA-E770-44E7-A9AC-735E89D5667B}.Debug|Mixed Platforms.ActiveCfg = Debug|Any CPU
		{5E26A7BA-E770-44E7-A9AC-735E89D5667B}.Debug|Mixed Platforms.Build.0 = Debug|Any CPU
		{5E26A7BA-E770-44E7-A9AC-735E89D5667B}.Debug|x86.ActiveCfg = Debug|Any CPU
		{5E26A7BA-E770-44E7-A9AC-735E89D5667B}.Release|Any CPU.ActiveCfg = Release|Any CPU
		{5E26A7BA-E770-44E7-A9AC-735E89D5667B}.Release|Any CPU.Build.0 = Release|Any CPU
		{5E26A7BA-E770-44E7-A9AC-735E89D5667B}.Release|Mixed Platforms.ActiveCfg = Release|Any CPU
		{5E26A7BA-E770-44E7-A9AC-735E89D5667B}.Release|Mixed Platforms.Build.0 = Release|Any CPU
		{5E26A7BA-E770-44E7-A9AC-735E89D5667B}.Release|x86.ActiveCfg = Release|Any CPU
		{1D350725-3BC0-456D-AAA7-2F8D043EF53A}.Debug|Any CPU.ActiveCfg = Debug|Any CPU
		{1D350725-3BC0-456D-AAA7-2F8D043EF53A}.Debug|Any CPU.Build.0 = Debug|Any CPU
		{1D350725-3BC0-456D-AAA7-2F8D043EF53A}.Debug|Mixed Platforms.ActiveCfg = Debug|Any CPU
		{1D350725-3BC0-456D-AAA7-2F8D043EF53A}.Debug|Mixed Platforms.Build.0 = Debug|Any CPU
		{1D350725-3BC0-456D-AAA7-2F8D043EF53A}.Debug|x86.ActiveCfg = Debug|Any CPU
		{1D350725-3BC0-456D-AAA7-2F8D043EF53A}.Release|Any CPU.ActiveCfg = Release|Any CPU
		{1D350725-3BC0-456D-AAA7-2F8D043EF53A}.Release|Any CPU.Build.0 = Release|Any CPU
		{1D350725-3BC0-456D-AAA7-2F8D043EF53A}.Release|Mixed Platforms.ActiveCfg = Release|Any CPU
		{1D350725-3BC0-456D-AAA7-2F8D043EF53A}.Release|Mixed Platforms.Build.0 = Release|Any CPU
		{1D350725-3BC0-456D-AAA7-2F8D043EF53A}.Release|x86.ActiveCfg = Release|Any CPU
		{A2EB06A0-91DB-457B-ADDC-C0BCBA202C00}.Debug|Any CPU.ActiveCfg = Debug|Any CPU
		{A2EB06A0-91DB-457B-ADDC-C0BCBA202C00}.Debug|Any CPU.Build.0 = Debug|Any CPU
		{A2EB06A0-91DB-457B-ADDC-C0BCBA202C00}.Debug|Mixed Platforms.ActiveCfg = Debug|Any CPU
		{A2EB06A0-91DB-457B-ADDC-C0BCBA202C00}.Debug|Mixed Platforms.Build.0 = Debug|Any CPU
		{A2EB06A0-91DB-457B-ADDC-C0BCBA202C00}.Debug|x86.ActiveCfg = Debug|Any CPU
		{A2EB06A0-91DB-457B-ADDC-C0BCBA202C00}.Release|Any CPU.ActiveCfg = Release|Any CPU
		{A2EB06A0-91DB-457B-ADDC-C0BCBA202C00}.Release|Any CPU.Build.0 = Release|Any CPU
		{A2EB06A0-91DB-457B-ADDC-C0BCBA202C00}.Release|Mixed Platforms.ActiveCfg = Release|Any CPU
		{A2EB06A0-91DB-457B-ADDC-C0BCBA202C00}.Release|Mixed Platforms.Build.0 = Release|Any CPU
		{A2EB06A0-91DB-457B-ADDC-C0BCBA202C00}.Release|x86.ActiveCfg = Release|Any CPU
		{1E024BDA-A744-4D54-BB23-421E05D872F3}.Debug|Any CPU.ActiveCfg = Debug|Any CPU
		{1E024BDA-A744-4D54-BB23-421E05D872F3}.Debug|Any CPU.Build.0 = Debug|Any CPU
		{1E024BDA-A744-4D54-BB23-421E05D872F3}.Debug|Mixed Platforms.ActiveCfg = Debug|Any CPU
		{1E024BDA-A744-4D54-BB23-421E05D872F3}.Debug|Mixed Platforms.Build.0 = Debug|Any CPU
		{1E024BDA-A744-4D54-BB23-421E05D872F3}.Debug|x86.ActiveCfg = Debug|Any CPU
		{1E024BDA-A744-4D54-BB23-421E05D872F3}.Release|Any CPU.ActiveCfg = Release|Any CPU
		{1E024BDA-A744-4D54-BB23-421E05D872F3}.Release|Any CPU.Build.0 = Release|Any CPU
		{1E024BDA-A744-4D54-BB23-421E05D872F3}.Release|Mixed Platforms.ActiveCfg = Release|Any CPU
		{1E024BDA-A744-4D54-BB23-421E05D872F3}.Release|Mixed Platforms.Build.0 = Release|Any CPU
		{1E024BDA-A744-4D54-BB23-421E05D872F3}.Release|x86.ActiveCfg = Release|Any CPU
<<<<<<< HEAD
		{F355B054-9266-4FC6-B8E6-DCFA64DC53B9}.Debug|Any CPU.ActiveCfg = Debug|Any CPU
		{F355B054-9266-4FC6-B8E6-DCFA64DC53B9}.Debug|Any CPU.Build.0 = Debug|Any CPU
		{F355B054-9266-4FC6-B8E6-DCFA64DC53B9}.Debug|Mixed Platforms.ActiveCfg = Debug|Any CPU
		{F355B054-9266-4FC6-B8E6-DCFA64DC53B9}.Debug|Mixed Platforms.Build.0 = Debug|Any CPU
		{F355B054-9266-4FC6-B8E6-DCFA64DC53B9}.Debug|x86.ActiveCfg = Debug|Any CPU
		{F355B054-9266-4FC6-B8E6-DCFA64DC53B9}.Release|Any CPU.ActiveCfg = Release|Any CPU
		{F355B054-9266-4FC6-B8E6-DCFA64DC53B9}.Release|Any CPU.Build.0 = Release|Any CPU
		{F355B054-9266-4FC6-B8E6-DCFA64DC53B9}.Release|Mixed Platforms.ActiveCfg = Release|Any CPU
		{F355B054-9266-4FC6-B8E6-DCFA64DC53B9}.Release|Mixed Platforms.Build.0 = Release|Any CPU
		{F355B054-9266-4FC6-B8E6-DCFA64DC53B9}.Release|x86.ActiveCfg = Release|Any CPU
=======
		{46B566B1-65E7-4E21-A03E-4C6691984863}.Debug|Any CPU.ActiveCfg = Debug|Any CPU
		{46B566B1-65E7-4E21-A03E-4C6691984863}.Debug|Any CPU.Build.0 = Debug|Any CPU
		{46B566B1-65E7-4E21-A03E-4C6691984863}.Debug|Mixed Platforms.ActiveCfg = Debug|Any CPU
		{46B566B1-65E7-4E21-A03E-4C6691984863}.Debug|Mixed Platforms.Build.0 = Debug|Any CPU
		{46B566B1-65E7-4E21-A03E-4C6691984863}.Debug|x86.ActiveCfg = Debug|Any CPU
		{46B566B1-65E7-4E21-A03E-4C6691984863}.Release|Any CPU.ActiveCfg = Release|Any CPU
		{46B566B1-65E7-4E21-A03E-4C6691984863}.Release|Any CPU.Build.0 = Release|Any CPU
		{46B566B1-65E7-4E21-A03E-4C6691984863}.Release|Mixed Platforms.ActiveCfg = Release|Any CPU
		{46B566B1-65E7-4E21-A03E-4C6691984863}.Release|Mixed Platforms.Build.0 = Release|Any CPU
		{46B566B1-65E7-4E21-A03E-4C6691984863}.Release|x86.ActiveCfg = Release|Any CPU
		{D64C0FB4-8C61-4840-8A42-4441E1FB1AE8}.Debug|Any CPU.ActiveCfg = Debug|Any CPU
		{D64C0FB4-8C61-4840-8A42-4441E1FB1AE8}.Debug|Any CPU.Build.0 = Debug|Any CPU
		{D64C0FB4-8C61-4840-8A42-4441E1FB1AE8}.Debug|Mixed Platforms.ActiveCfg = Debug|Any CPU
		{D64C0FB4-8C61-4840-8A42-4441E1FB1AE8}.Debug|Mixed Platforms.Build.0 = Debug|Any CPU
		{D64C0FB4-8C61-4840-8A42-4441E1FB1AE8}.Debug|x86.ActiveCfg = Debug|Any CPU
		{D64C0FB4-8C61-4840-8A42-4441E1FB1AE8}.Release|Any CPU.ActiveCfg = Release|Any CPU
		{D64C0FB4-8C61-4840-8A42-4441E1FB1AE8}.Release|Any CPU.Build.0 = Release|Any CPU
		{D64C0FB4-8C61-4840-8A42-4441E1FB1AE8}.Release|Mixed Platforms.ActiveCfg = Release|Any CPU
		{D64C0FB4-8C61-4840-8A42-4441E1FB1AE8}.Release|Mixed Platforms.Build.0 = Release|Any CPU
		{D64C0FB4-8C61-4840-8A42-4441E1FB1AE8}.Release|x86.ActiveCfg = Release|Any CPU
		{D1B240F3-CAFB-45E7-8437-5792640E91E5}.Debug|Any CPU.ActiveCfg = Debug|Any CPU
		{D1B240F3-CAFB-45E7-8437-5792640E91E5}.Debug|Any CPU.Build.0 = Debug|Any CPU
		{D1B240F3-CAFB-45E7-8437-5792640E91E5}.Debug|Mixed Platforms.ActiveCfg = Debug|Any CPU
		{D1B240F3-CAFB-45E7-8437-5792640E91E5}.Debug|Mixed Platforms.Build.0 = Debug|Any CPU
		{D1B240F3-CAFB-45E7-8437-5792640E91E5}.Debug|x86.ActiveCfg = Debug|Any CPU
		{D1B240F3-CAFB-45E7-8437-5792640E91E5}.Release|Any CPU.ActiveCfg = Release|Any CPU
		{D1B240F3-CAFB-45E7-8437-5792640E91E5}.Release|Any CPU.Build.0 = Release|Any CPU
		{D1B240F3-CAFB-45E7-8437-5792640E91E5}.Release|Mixed Platforms.ActiveCfg = Release|Any CPU
		{D1B240F3-CAFB-45E7-8437-5792640E91E5}.Release|Mixed Platforms.Build.0 = Release|Any CPU
		{D1B240F3-CAFB-45E7-8437-5792640E91E5}.Release|x86.ActiveCfg = Release|Any CPU
>>>>>>> adfe1897b97645234fa16f012bd60b1ee4f70683
	EndGlobalSection
	GlobalSection(SolutionProperties) = preSolution
		HideSolutionNode = FALSE
	EndGlobalSection
EndGlobal
