
Microsoft Visual Studio Solution File, Format Version 12.00
# Visual Studio 15
VisualStudioVersion = 15.0.28307.852
MinimumVisualStudioVersion = 10.0.40219.1
Project("{FAE04EC0-301F-11D3-BF4B-00C04F79EFBC}") = "GenericTypes", "GenericTypes\GenericTypes.csproj", "{5CF8BD5F-D7ED-4506-BB66-3DB5CE289C57}"
EndProject
Project("{FAE04EC0-301F-11D3-BF4B-00C04F79EFBC}") = "ThreadAndTaskTutorial", "ThreadAndTasks\ThreadAndTaskTutorial.csproj", "{B6C94842-8801-446B-AF97-518E39204BF0}"
EndProject
Project("{FAE04EC0-301F-11D3-BF4B-00C04F79EFBC}") = "DepInjection", "DepInjection\DepInjection.csproj", "{012246B7-00F5-4EA1-81EF-7215900E2374}"
EndProject
Project("{FAE04EC0-301F-11D3-BF4B-00C04F79EFBC}") = "WpfSample", "WpfTest\WpfSample.csproj", "{3AADD528-87ED-48D0-8AAE-88716D68C877}"
EndProject
Project("{FAE04EC0-301F-11D3-BF4B-00C04F79EFBC}") = "Events", "Events\Events.csproj", "{C0DDBE4A-0C3C-43DD-9F1D-A59AC2B86A07}"
EndProject
Project("{FAE04EC0-301F-11D3-BF4B-00C04F79EFBC}") = "ExtensionMethods", "ExtensionMethods\ExtensionMethods.csproj", "{B9DC76B6-49A6-43E9-A28A-76277DA3411D}"
EndProject
Project("{FAE04EC0-301F-11D3-BF4B-00C04F79EFBC}") = "CollectionInterfaces", "CollectionInterfaces\CollectionInterfaces.csproj", "{649C3A1D-62C7-4A31-9DAE-AA705F8E9CB3}"
EndProject
Project("{FAE04EC0-301F-11D3-BF4B-00C04F79EFBC}") = "SingletonSample", "Singleton\SingletonSample.csproj", "{244060FC-7049-4491-9C07-439F4B82AEB3}"
EndProject
Project("{FAE04EC0-301F-11D3-BF4B-00C04F79EFBC}") = "LINQ", "LINQ\LINQ.csproj", "{E955B060-3421-487E-847C-40119FCE3F3C}"
EndProject
Project("{FAE04EC0-301F-11D3-BF4B-00C04F79EFBC}") = "StrategyPattern", "StrategyPattern\StrategyPattern.csproj", "{A2EB06A0-91DB-457B-ADDC-C0BCBA202C00}"
EndProject
Project("{FAE04EC0-301F-11D3-BF4B-00C04F79EFBC}") = "BuilderPattern", "BuilderPattern\BuilderPattern.csproj", "{1E024BDA-A744-4D54-BB23-421E05D872F3}"
EndProject
Project("{FAE04EC0-301F-11D3-BF4B-00C04F79EFBC}") = "VisitorPattern", "VisitorPattern\VisitorPattern.csproj", "{46B566B1-65E7-4E21-A03E-4C6691984863}"
EndProject
Project("{FAE04EC0-301F-11D3-BF4B-00C04F79EFBC}") = "CommonUtilsLibrary", "CommonUtilsLibrary\CommonUtilsLibrary.csproj", "{D1B240F3-CAFB-45E7-8437-5792640E91E5}"
EndProject
Project("{2150E333-8FDC-42A3-9474-1A3956D46DE8}") = "WCF", "WCF", "{BBC9EFE1-F579-4ECD-9484-DCF6D20E7578}"
EndProject
Project("{FAE04EC0-301F-11D3-BF4B-00C04F79EFBC}") = "GeoLib.Contracts", "GeoLib.Contracts\GeoLib.Contracts.csproj", "{31B1D179-CDDF-47C3-8CFC-DF2867D89022}"
EndProject
Project("{FAE04EC0-301F-11D3-BF4B-00C04F79EFBC}") = "GeoLib.Services", "GeoLib.Services\GeoLib.Services.csproj", "{11307DD9-8D6F-4F99-ABEA-02B6E82F29D7}"
EndProject
Project("{FAE04EC0-301F-11D3-BF4B-00C04F79EFBC}") = "GeoLib.DataProvider", "GeoLib.DataProvider\GeoLib.DataProvider.csproj", "{40A3D2A5-1170-4B35-AAAE-775CE39C620E}"
EndProject
Project("{FAE04EC0-301F-11D3-BF4B-00C04F79EFBC}") = "GeoLib.Tests", "GeoLib.Tests\GeoLib.Tests.csproj", "{8EDF4429-251A-416D-BB68-93F227191BCF}"
EndProject
Project("{2150E333-8FDC-42A3-9474-1A3956D46DE8}") = "Patterns", "Patterns", "{D519D2A0-21B4-4D0E-AE28-E163B35A3D75}"
EndProject
Project("{2150E333-8FDC-42A3-9474-1A3956D46DE8}") = "Reflect", "Reflect", "{92D4E331-B1E2-44E4-BF4F-7CBC7D756022}"
EndProject
Project("{2150E333-8FDC-42A3-9474-1A3956D46DE8}") = "Server", "Server", "{E3A135B8-E9DF-463A-8E32-D438D48E5EF4}"
EndProject
Project("{FAE04EC0-301F-11D3-BF4B-00C04F79EFBC}") = "GeoLib.ConsoleHost", "GeoLib.ConsoleHost\GeoLib.ConsoleHost.csproj", "{F337037C-F785-46B1-AF26-5E091A9391CD}"
EndProject
Project("{FAE04EC0-301F-11D3-BF4B-00C04F79EFBC}") = "GeoLib.WebHost", "GeoLib.WebHost\GeoLib.WebHost.csproj", "{E4AC6E96-E627-4FDB-A3B4-4EEFAC10113A}"
EndProject
Project("{FAE04EC0-301F-11D3-BF4B-00C04F79EFBC}") = "GeoLib.Proxies", "GeoLib.Proxies\GeoLib.Proxies.csproj", "{709712F9-33BA-4AE3-810C-9063AA059AD7}"
EndProject
Project("{FAE04EC0-301F-11D3-BF4B-00C04F79EFBC}") = "GeoLib.ClientApp", "GeoLib.ClientApp\GeoLib.ClientApp.csproj", "{EB105C2F-A04E-4616-9570-313092841D2E}"
EndProject
Project("{2150E333-8FDC-42A3-9474-1A3956D46DE8}") = "Common", "Common", "{973D6ACD-96FF-4048-9134-8FB22E125A0E}"
EndProject
Project("{2150E333-8FDC-42A3-9474-1A3956D46DE8}") = "Client", "Client", "{79D57BCA-450E-4489-9A73-03673A8ADC7F}"
EndProject
Project("{2150E333-8FDC-42A3-9474-1A3956D46DE8}") = "TPL", "TPL", "{800E7B82-A627-4897-89B9-2AF24BA9DBED}"
EndProject
Project("{FAE04EC0-301F-11D3-BF4B-00C04F79EFBC}") = "BuilderPattern2", "BuilderPattern2\BuilderPattern2.csproj", "{197CC298-A855-4188-9568-AD80AD03A7AA}"
EndProject
Project("{FAE04EC0-301F-11D3-BF4B-00C04F79EFBC}") = "TPLDataflow", "TPLDataflow\TPLDataflow.csproj", "{50326910-0BC9-4166-B6CF-1A3DA38E5C91}"
EndProject
Project("{FAE04EC0-301F-11D3-BF4B-00C04F79EFBC}") = "UnitTestsXUnit", "UnitTestsXUnit\UnitTestsXUnit.csproj", "{3F47B759-D883-4453-B399-A894F5A3E7F6}"
EndProject
Project("{FAE04EC0-301F-11D3-BF4B-00C04F79EFBC}") = "TaskFactory", "TaskFactory\TaskFactory.csproj", "{8898B42A-9ACA-4CE2-9AC1-536C5D4DF394}"
EndProject
Project("{FAE04EC0-301F-11D3-BF4B-00C04F79EFBC}") = "ParallelExample", "ParallelExample\ParallelExample.csproj", "{D22E578B-1F4B-4C44-AA73-EE36D6140390}"
EndProject
Project("{FAE04EC0-301F-11D3-BF4B-00C04F79EFBC}") = "CancelationTokenExample", "CancelationTokenExample\CancelationTokenExample.csproj", "{EF838FB6-7EA4-4CBA-B8AC-D1E645E5F5F7}"
EndProject
Project("{FAE04EC0-301F-11D3-BF4B-00C04F79EFBC}") = "UnitTestsNUnit", "UnitTestsNUnit\UnitTestsNUnit.csproj", "{5E26A7BA-E770-44E7-A9AC-735E89D5667B}"
EndProject
Project("{FAE04EC0-301F-11D3-BF4B-00C04F79EFBC}") = "ReflectionSimple", "ReflectionSimple\ReflectionSimple.csproj", "{FCC99C9E-0801-4543-8BAB-22065380CB99}"
EndProject
Project("{FAE04EC0-301F-11D3-BF4B-00C04F79EFBC}") = "ParallelLINQ", "ParallelLINQ\ParallelLINQ.csproj", "{937E2747-2226-42DD-8343-63B236CF0CBF}"
EndProject
Project("{FAE04EC0-301F-11D3-BF4B-00C04F79EFBC}") = "Redis", "Redis\Redis.csproj", "{2497DACB-4A4C-4469-A8E7-ED19A2F22CF1}"
EndProject
Project("{FAE04EC0-301F-11D3-BF4B-00C04F79EFBC}") = "AutoMapperEx", "AutoMapperEx\AutoMapperEx.csproj", "{559FA231-7C18-4949-92A9-57E7DE1AEEF0}"
EndProject
Project("{FAE04EC0-301F-11D3-BF4B-00C04F79EFBC}") = "BuilderPattern3", "BuilderPattern3\BuilderPattern3.csproj", "{C4C1F90F-AB8C-48F7-B5AB-9F69540D00C1}"
EndProject
Project("{2150E333-8FDC-42A3-9474-1A3956D46DE8}") = "UnitTests", "UnitTests", "{755051DC-EED9-4FDC-BEA6-FF961F443E0A}"
EndProject
Project("{FAE04EC0-301F-11D3-BF4B-00C04F79EFBC}") = "Calculator.Test", "Test1\Calculator.Test.csproj", "{93A2C24E-3D93-43C1-9087-3A5EDAE5C5CE}"
EndProject
Project("{FAE04EC0-301F-11D3-BF4B-00C04F79EFBC}") = "CalculatorProject", "CalculatorProject\CalculatorProject.csproj", "{2748B0CB-D8F6-423D-B14C-8BD090CE4FDF}"
EndProject
Project("{2150E333-8FDC-42A3-9474-1A3956D46DE8}") = ".nuget", ".nuget", "{13D70EFE-29D9-4E6B-AD7B-4CEA7DB0AF0C}"
	ProjectSection(SolutionItems) = preProject
		.nuget\NuGet.Config = .nuget\NuGet.Config
		.nuget\NuGet.exe = .nuget\NuGet.exe
		.nuget\NuGet.targets = .nuget\NuGet.targets
	EndProjectSection
EndProject
Project("{FAE04EC0-301F-11D3-BF4B-00C04F79EFBC}") = "SignalR", "SignalR\SignalR.csproj", "{9B3E2B06-6589-4B11-B8D4-B726E9D94883}"
EndProject
Project("{FAE04EC0-301F-11D3-BF4B-00C04F79EFBC}") = "SignalRclient", "SignalRclient\SignalRclient.csproj", "{6D2E3AD4-2B3F-4832-BF1B-B46248CB72C2}"
EndProject
Project("{FAE04EC0-301F-11D3-BF4B-00C04F79EFBC}") = "AsyncAwait", "AsyncAwait\AsyncAwait.csproj", "{5EEAB6A4-6257-4D3D-AF01-F713302A218F}"
EndProject
Project("{FAE04EC0-301F-11D3-BF4B-00C04F79EFBC}") = "Reactive", "Reactive\Reactive.csproj", "{4CCB862A-8FC8-4DDD-ABA0-7C4ECC74A62D}"
EndProject
Project("{FAE04EC0-301F-11D3-BF4B-00C04F79EFBC}") = "RxNet", "RxNet\RxNet.csproj", "{620F6AC0-B6B5-4D4E-8F3C-2E5205AE78F2}"
EndProject
Project("{FAE04EC0-301F-11D3-BF4B-00C04F79EFBC}") = "ProdConsJobQueuePattern", "ProdConsJobQueuePattern\ProdConsJobQueuePattern.csproj", "{6F3AED47-9242-4D44-8E3C-53F1D06074C0}"
EndProject
Project("{FAE04EC0-301F-11D3-BF4B-00C04F79EFBC}") = "My_IoC_Impl", "My_IoC_Impl\My_IoC_Impl.csproj", "{00C0E4AC-E434-49E8-9847-7AB37DAA735A}"
EndProject
Project("{FAE04EC0-301F-11D3-BF4B-00C04F79EFBC}") = "Delegates", "Delegates\Delegates.csproj", "{D727CF19-0DD9-4F7C-998E-36ADDF91451A}"
EndProject
Project("{2150E333-8FDC-42A3-9474-1A3956D46DE8}") = "Algo", "Algo", "{D47A289F-1831-4E29-89F7-8936272453FD}"
EndProject
Project("{FAE04EC0-301F-11D3-BF4B-00C04F79EFBC}") = "LinkedList", "LinkedList\LinkedList.csproj", "{1CB4C171-C20F-48DD-BED0-85E8D367BD88}"
EndProject
Global
	GlobalSection(SolutionConfigurationPlatforms) = preSolution
		Debug|Any CPU = Debug|Any CPU
		Debug|Mixed Platforms = Debug|Mixed Platforms
		Debug|x86 = Debug|x86
		Release|Any CPU = Release|Any CPU
		Release|Mixed Platforms = Release|Mixed Platforms
		Release|x86 = Release|x86
	EndGlobalSection
	GlobalSection(ProjectConfigurationPlatforms) = postSolution
		{5CF8BD5F-D7ED-4506-BB66-3DB5CE289C57}.Debug|Any CPU.ActiveCfg = Debug|Any CPU
		{5CF8BD5F-D7ED-4506-BB66-3DB5CE289C57}.Debug|Any CPU.Build.0 = Debug|Any CPU
		{5CF8BD5F-D7ED-4506-BB66-3DB5CE289C57}.Debug|Mixed Platforms.ActiveCfg = Debug|Any CPU
		{5CF8BD5F-D7ED-4506-BB66-3DB5CE289C57}.Debug|Mixed Platforms.Build.0 = Debug|Any CPU
		{5CF8BD5F-D7ED-4506-BB66-3DB5CE289C57}.Debug|x86.ActiveCfg = Debug|Any CPU
		{5CF8BD5F-D7ED-4506-BB66-3DB5CE289C57}.Release|Any CPU.ActiveCfg = Release|Any CPU
		{5CF8BD5F-D7ED-4506-BB66-3DB5CE289C57}.Release|Any CPU.Build.0 = Release|Any CPU
		{5CF8BD5F-D7ED-4506-BB66-3DB5CE289C57}.Release|Mixed Platforms.ActiveCfg = Release|Any CPU
		{5CF8BD5F-D7ED-4506-BB66-3DB5CE289C57}.Release|Mixed Platforms.Build.0 = Release|Any CPU
		{5CF8BD5F-D7ED-4506-BB66-3DB5CE289C57}.Release|x86.ActiveCfg = Release|Any CPU
		{B6C94842-8801-446B-AF97-518E39204BF0}.Debug|Any CPU.ActiveCfg = Debug|Any CPU
		{B6C94842-8801-446B-AF97-518E39204BF0}.Debug|Any CPU.Build.0 = Debug|Any CPU
		{B6C94842-8801-446B-AF97-518E39204BF0}.Debug|Mixed Platforms.ActiveCfg = Debug|Any CPU
		{B6C94842-8801-446B-AF97-518E39204BF0}.Debug|Mixed Platforms.Build.0 = Debug|Any CPU
		{B6C94842-8801-446B-AF97-518E39204BF0}.Debug|x86.ActiveCfg = Debug|Any CPU
		{B6C94842-8801-446B-AF97-518E39204BF0}.Release|Any CPU.ActiveCfg = Release|Any CPU
		{B6C94842-8801-446B-AF97-518E39204BF0}.Release|Any CPU.Build.0 = Release|Any CPU
		{B6C94842-8801-446B-AF97-518E39204BF0}.Release|Mixed Platforms.ActiveCfg = Release|Any CPU
		{B6C94842-8801-446B-AF97-518E39204BF0}.Release|Mixed Platforms.Build.0 = Release|Any CPU
		{B6C94842-8801-446B-AF97-518E39204BF0}.Release|x86.ActiveCfg = Release|Any CPU
		{012246B7-00F5-4EA1-81EF-7215900E2374}.Debug|Any CPU.ActiveCfg = Debug|Any CPU
		{012246B7-00F5-4EA1-81EF-7215900E2374}.Debug|Any CPU.Build.0 = Debug|Any CPU
		{012246B7-00F5-4EA1-81EF-7215900E2374}.Debug|Mixed Platforms.ActiveCfg = Debug|Any CPU
		{012246B7-00F5-4EA1-81EF-7215900E2374}.Debug|Mixed Platforms.Build.0 = Debug|Any CPU
		{012246B7-00F5-4EA1-81EF-7215900E2374}.Debug|x86.ActiveCfg = Debug|Any CPU
		{012246B7-00F5-4EA1-81EF-7215900E2374}.Release|Any CPU.ActiveCfg = Release|Any CPU
		{012246B7-00F5-4EA1-81EF-7215900E2374}.Release|Any CPU.Build.0 = Release|Any CPU
		{012246B7-00F5-4EA1-81EF-7215900E2374}.Release|Mixed Platforms.ActiveCfg = Release|Any CPU
		{012246B7-00F5-4EA1-81EF-7215900E2374}.Release|Mixed Platforms.Build.0 = Release|Any CPU
		{012246B7-00F5-4EA1-81EF-7215900E2374}.Release|x86.ActiveCfg = Release|Any CPU
		{3AADD528-87ED-48D0-8AAE-88716D68C877}.Debug|Any CPU.ActiveCfg = Debug|Any CPU
		{3AADD528-87ED-48D0-8AAE-88716D68C877}.Debug|Any CPU.Build.0 = Debug|Any CPU
		{3AADD528-87ED-48D0-8AAE-88716D68C877}.Debug|Mixed Platforms.ActiveCfg = Debug|Any CPU
		{3AADD528-87ED-48D0-8AAE-88716D68C877}.Debug|Mixed Platforms.Build.0 = Debug|Any CPU
		{3AADD528-87ED-48D0-8AAE-88716D68C877}.Debug|x86.ActiveCfg = Debug|Any CPU
		{3AADD528-87ED-48D0-8AAE-88716D68C877}.Release|Any CPU.ActiveCfg = Release|Any CPU
		{3AADD528-87ED-48D0-8AAE-88716D68C877}.Release|Any CPU.Build.0 = Release|Any CPU
		{3AADD528-87ED-48D0-8AAE-88716D68C877}.Release|Mixed Platforms.ActiveCfg = Release|Any CPU
		{3AADD528-87ED-48D0-8AAE-88716D68C877}.Release|Mixed Platforms.Build.0 = Release|Any CPU
		{3AADD528-87ED-48D0-8AAE-88716D68C877}.Release|x86.ActiveCfg = Release|Any CPU
		{C0DDBE4A-0C3C-43DD-9F1D-A59AC2B86A07}.Debug|Any CPU.ActiveCfg = Debug|Any CPU
		{C0DDBE4A-0C3C-43DD-9F1D-A59AC2B86A07}.Debug|Any CPU.Build.0 = Debug|Any CPU
		{C0DDBE4A-0C3C-43DD-9F1D-A59AC2B86A07}.Debug|Mixed Platforms.ActiveCfg = Debug|Any CPU
		{C0DDBE4A-0C3C-43DD-9F1D-A59AC2B86A07}.Debug|Mixed Platforms.Build.0 = Debug|Any CPU
		{C0DDBE4A-0C3C-43DD-9F1D-A59AC2B86A07}.Debug|x86.ActiveCfg = Debug|Any CPU
		{C0DDBE4A-0C3C-43DD-9F1D-A59AC2B86A07}.Release|Any CPU.ActiveCfg = Release|Any CPU
		{C0DDBE4A-0C3C-43DD-9F1D-A59AC2B86A07}.Release|Any CPU.Build.0 = Release|Any CPU
		{C0DDBE4A-0C3C-43DD-9F1D-A59AC2B86A07}.Release|Mixed Platforms.ActiveCfg = Release|Any CPU
		{C0DDBE4A-0C3C-43DD-9F1D-A59AC2B86A07}.Release|Mixed Platforms.Build.0 = Release|Any CPU
		{C0DDBE4A-0C3C-43DD-9F1D-A59AC2B86A07}.Release|x86.ActiveCfg = Release|Any CPU
		{B9DC76B6-49A6-43E9-A28A-76277DA3411D}.Debug|Any CPU.ActiveCfg = Debug|Any CPU
		{B9DC76B6-49A6-43E9-A28A-76277DA3411D}.Debug|Any CPU.Build.0 = Debug|Any CPU
		{B9DC76B6-49A6-43E9-A28A-76277DA3411D}.Debug|Mixed Platforms.ActiveCfg = Debug|Any CPU
		{B9DC76B6-49A6-43E9-A28A-76277DA3411D}.Debug|Mixed Platforms.Build.0 = Debug|Any CPU
		{B9DC76B6-49A6-43E9-A28A-76277DA3411D}.Debug|x86.ActiveCfg = Debug|Any CPU
		{B9DC76B6-49A6-43E9-A28A-76277DA3411D}.Release|Any CPU.ActiveCfg = Release|Any CPU
		{B9DC76B6-49A6-43E9-A28A-76277DA3411D}.Release|Any CPU.Build.0 = Release|Any CPU
		{B9DC76B6-49A6-43E9-A28A-76277DA3411D}.Release|Mixed Platforms.ActiveCfg = Release|Any CPU
		{B9DC76B6-49A6-43E9-A28A-76277DA3411D}.Release|Mixed Platforms.Build.0 = Release|Any CPU
		{B9DC76B6-49A6-43E9-A28A-76277DA3411D}.Release|x86.ActiveCfg = Release|Any CPU
		{649C3A1D-62C7-4A31-9DAE-AA705F8E9CB3}.Debug|Any CPU.ActiveCfg = Debug|Any CPU
		{649C3A1D-62C7-4A31-9DAE-AA705F8E9CB3}.Debug|Any CPU.Build.0 = Debug|Any CPU
		{649C3A1D-62C7-4A31-9DAE-AA705F8E9CB3}.Debug|Mixed Platforms.ActiveCfg = Debug|Any CPU
		{649C3A1D-62C7-4A31-9DAE-AA705F8E9CB3}.Debug|Mixed Platforms.Build.0 = Debug|Any CPU
		{649C3A1D-62C7-4A31-9DAE-AA705F8E9CB3}.Debug|x86.ActiveCfg = Debug|Any CPU
		{649C3A1D-62C7-4A31-9DAE-AA705F8E9CB3}.Release|Any CPU.ActiveCfg = Release|Any CPU
		{649C3A1D-62C7-4A31-9DAE-AA705F8E9CB3}.Release|Any CPU.Build.0 = Release|Any CPU
		{649C3A1D-62C7-4A31-9DAE-AA705F8E9CB3}.Release|Mixed Platforms.ActiveCfg = Release|Any CPU
		{649C3A1D-62C7-4A31-9DAE-AA705F8E9CB3}.Release|Mixed Platforms.Build.0 = Release|Any CPU
		{649C3A1D-62C7-4A31-9DAE-AA705F8E9CB3}.Release|x86.ActiveCfg = Release|Any CPU
		{244060FC-7049-4491-9C07-439F4B82AEB3}.Debug|Any CPU.ActiveCfg = Debug|Any CPU
		{244060FC-7049-4491-9C07-439F4B82AEB3}.Debug|Any CPU.Build.0 = Debug|Any CPU
		{244060FC-7049-4491-9C07-439F4B82AEB3}.Debug|Mixed Platforms.ActiveCfg = Debug|Any CPU
		{244060FC-7049-4491-9C07-439F4B82AEB3}.Debug|Mixed Platforms.Build.0 = Debug|Any CPU
		{244060FC-7049-4491-9C07-439F4B82AEB3}.Debug|x86.ActiveCfg = Debug|Any CPU
		{244060FC-7049-4491-9C07-439F4B82AEB3}.Release|Any CPU.ActiveCfg = Release|Any CPU
		{244060FC-7049-4491-9C07-439F4B82AEB3}.Release|Any CPU.Build.0 = Release|Any CPU
		{244060FC-7049-4491-9C07-439F4B82AEB3}.Release|Mixed Platforms.ActiveCfg = Release|Any CPU
		{244060FC-7049-4491-9C07-439F4B82AEB3}.Release|Mixed Platforms.Build.0 = Release|Any CPU
		{244060FC-7049-4491-9C07-439F4B82AEB3}.Release|x86.ActiveCfg = Release|Any CPU
		{E955B060-3421-487E-847C-40119FCE3F3C}.Debug|Any CPU.ActiveCfg = Debug|Any CPU
		{E955B060-3421-487E-847C-40119FCE3F3C}.Debug|Any CPU.Build.0 = Debug|Any CPU
		{E955B060-3421-487E-847C-40119FCE3F3C}.Debug|Mixed Platforms.ActiveCfg = Debug|Any CPU
		{E955B060-3421-487E-847C-40119FCE3F3C}.Debug|Mixed Platforms.Build.0 = Debug|Any CPU
		{E955B060-3421-487E-847C-40119FCE3F3C}.Debug|x86.ActiveCfg = Debug|Any CPU
		{E955B060-3421-487E-847C-40119FCE3F3C}.Release|Any CPU.ActiveCfg = Release|Any CPU
		{E955B060-3421-487E-847C-40119FCE3F3C}.Release|Any CPU.Build.0 = Release|Any CPU
		{E955B060-3421-487E-847C-40119FCE3F3C}.Release|Mixed Platforms.ActiveCfg = Release|Any CPU
		{E955B060-3421-487E-847C-40119FCE3F3C}.Release|Mixed Platforms.Build.0 = Release|Any CPU
		{E955B060-3421-487E-847C-40119FCE3F3C}.Release|x86.ActiveCfg = Release|Any CPU
		{A2EB06A0-91DB-457B-ADDC-C0BCBA202C00}.Debug|Any CPU.ActiveCfg = Debug|Any CPU
		{A2EB06A0-91DB-457B-ADDC-C0BCBA202C00}.Debug|Any CPU.Build.0 = Debug|Any CPU
		{A2EB06A0-91DB-457B-ADDC-C0BCBA202C00}.Debug|Mixed Platforms.ActiveCfg = Debug|Any CPU
		{A2EB06A0-91DB-457B-ADDC-C0BCBA202C00}.Debug|Mixed Platforms.Build.0 = Debug|Any CPU
		{A2EB06A0-91DB-457B-ADDC-C0BCBA202C00}.Debug|x86.ActiveCfg = Debug|Any CPU
		{A2EB06A0-91DB-457B-ADDC-C0BCBA202C00}.Release|Any CPU.ActiveCfg = Release|Any CPU
		{A2EB06A0-91DB-457B-ADDC-C0BCBA202C00}.Release|Any CPU.Build.0 = Release|Any CPU
		{A2EB06A0-91DB-457B-ADDC-C0BCBA202C00}.Release|Mixed Platforms.ActiveCfg = Release|Any CPU
		{A2EB06A0-91DB-457B-ADDC-C0BCBA202C00}.Release|Mixed Platforms.Build.0 = Release|Any CPU
		{A2EB06A0-91DB-457B-ADDC-C0BCBA202C00}.Release|x86.ActiveCfg = Release|Any CPU
		{1E024BDA-A744-4D54-BB23-421E05D872F3}.Debug|Any CPU.ActiveCfg = Debug|Any CPU
		{1E024BDA-A744-4D54-BB23-421E05D872F3}.Debug|Any CPU.Build.0 = Debug|Any CPU
		{1E024BDA-A744-4D54-BB23-421E05D872F3}.Debug|Mixed Platforms.ActiveCfg = Debug|Any CPU
		{1E024BDA-A744-4D54-BB23-421E05D872F3}.Debug|Mixed Platforms.Build.0 = Debug|Any CPU
		{1E024BDA-A744-4D54-BB23-421E05D872F3}.Debug|x86.ActiveCfg = Debug|Any CPU
		{1E024BDA-A744-4D54-BB23-421E05D872F3}.Release|Any CPU.ActiveCfg = Release|Any CPU
		{1E024BDA-A744-4D54-BB23-421E05D872F3}.Release|Any CPU.Build.0 = Release|Any CPU
		{1E024BDA-A744-4D54-BB23-421E05D872F3}.Release|Mixed Platforms.ActiveCfg = Release|Any CPU
		{1E024BDA-A744-4D54-BB23-421E05D872F3}.Release|Mixed Platforms.Build.0 = Release|Any CPU
		{1E024BDA-A744-4D54-BB23-421E05D872F3}.Release|x86.ActiveCfg = Release|Any CPU
		{46B566B1-65E7-4E21-A03E-4C6691984863}.Debug|Any CPU.ActiveCfg = Debug|Any CPU
		{46B566B1-65E7-4E21-A03E-4C6691984863}.Debug|Any CPU.Build.0 = Debug|Any CPU
		{46B566B1-65E7-4E21-A03E-4C6691984863}.Debug|Mixed Platforms.ActiveCfg = Debug|Any CPU
		{46B566B1-65E7-4E21-A03E-4C6691984863}.Debug|Mixed Platforms.Build.0 = Debug|Any CPU
		{46B566B1-65E7-4E21-A03E-4C6691984863}.Debug|x86.ActiveCfg = Debug|Any CPU
		{46B566B1-65E7-4E21-A03E-4C6691984863}.Release|Any CPU.ActiveCfg = Release|Any CPU
		{46B566B1-65E7-4E21-A03E-4C6691984863}.Release|Any CPU.Build.0 = Release|Any CPU
		{46B566B1-65E7-4E21-A03E-4C6691984863}.Release|Mixed Platforms.ActiveCfg = Release|Any CPU
		{46B566B1-65E7-4E21-A03E-4C6691984863}.Release|Mixed Platforms.Build.0 = Release|Any CPU
		{46B566B1-65E7-4E21-A03E-4C6691984863}.Release|x86.ActiveCfg = Release|Any CPU
		{D1B240F3-CAFB-45E7-8437-5792640E91E5}.Debug|Any CPU.ActiveCfg = Debug|Any CPU
		{D1B240F3-CAFB-45E7-8437-5792640E91E5}.Debug|Any CPU.Build.0 = Debug|Any CPU
		{D1B240F3-CAFB-45E7-8437-5792640E91E5}.Debug|Mixed Platforms.ActiveCfg = Debug|Any CPU
		{D1B240F3-CAFB-45E7-8437-5792640E91E5}.Debug|Mixed Platforms.Build.0 = Debug|Any CPU
		{D1B240F3-CAFB-45E7-8437-5792640E91E5}.Debug|x86.ActiveCfg = Debug|Any CPU
		{D1B240F3-CAFB-45E7-8437-5792640E91E5}.Release|Any CPU.ActiveCfg = Release|Any CPU
		{D1B240F3-CAFB-45E7-8437-5792640E91E5}.Release|Any CPU.Build.0 = Release|Any CPU
		{D1B240F3-CAFB-45E7-8437-5792640E91E5}.Release|Mixed Platforms.ActiveCfg = Release|Any CPU
		{D1B240F3-CAFB-45E7-8437-5792640E91E5}.Release|Mixed Platforms.Build.0 = Release|Any CPU
		{D1B240F3-CAFB-45E7-8437-5792640E91E5}.Release|x86.ActiveCfg = Release|Any CPU
		{31B1D179-CDDF-47C3-8CFC-DF2867D89022}.Debug|Any CPU.ActiveCfg = Debug|Any CPU
		{31B1D179-CDDF-47C3-8CFC-DF2867D89022}.Debug|Any CPU.Build.0 = Debug|Any CPU
		{31B1D179-CDDF-47C3-8CFC-DF2867D89022}.Debug|Mixed Platforms.ActiveCfg = Debug|Any CPU
		{31B1D179-CDDF-47C3-8CFC-DF2867D89022}.Debug|Mixed Platforms.Build.0 = Debug|Any CPU
		{31B1D179-CDDF-47C3-8CFC-DF2867D89022}.Debug|x86.ActiveCfg = Debug|Any CPU
		{31B1D179-CDDF-47C3-8CFC-DF2867D89022}.Release|Any CPU.ActiveCfg = Release|Any CPU
		{31B1D179-CDDF-47C3-8CFC-DF2867D89022}.Release|Any CPU.Build.0 = Release|Any CPU
		{31B1D179-CDDF-47C3-8CFC-DF2867D89022}.Release|Mixed Platforms.ActiveCfg = Release|Any CPU
		{31B1D179-CDDF-47C3-8CFC-DF2867D89022}.Release|Mixed Platforms.Build.0 = Release|Any CPU
		{31B1D179-CDDF-47C3-8CFC-DF2867D89022}.Release|x86.ActiveCfg = Release|Any CPU
		{11307DD9-8D6F-4F99-ABEA-02B6E82F29D7}.Debug|Any CPU.ActiveCfg = Debug|Any CPU
		{11307DD9-8D6F-4F99-ABEA-02B6E82F29D7}.Debug|Any CPU.Build.0 = Debug|Any CPU
		{11307DD9-8D6F-4F99-ABEA-02B6E82F29D7}.Debug|Mixed Platforms.ActiveCfg = Debug|Any CPU
		{11307DD9-8D6F-4F99-ABEA-02B6E82F29D7}.Debug|Mixed Platforms.Build.0 = Debug|Any CPU
		{11307DD9-8D6F-4F99-ABEA-02B6E82F29D7}.Debug|x86.ActiveCfg = Debug|Any CPU
		{11307DD9-8D6F-4F99-ABEA-02B6E82F29D7}.Release|Any CPU.ActiveCfg = Release|Any CPU
		{11307DD9-8D6F-4F99-ABEA-02B6E82F29D7}.Release|Any CPU.Build.0 = Release|Any CPU
		{11307DD9-8D6F-4F99-ABEA-02B6E82F29D7}.Release|Mixed Platforms.ActiveCfg = Release|Any CPU
		{11307DD9-8D6F-4F99-ABEA-02B6E82F29D7}.Release|Mixed Platforms.Build.0 = Release|Any CPU
		{11307DD9-8D6F-4F99-ABEA-02B6E82F29D7}.Release|x86.ActiveCfg = Release|Any CPU
		{40A3D2A5-1170-4B35-AAAE-775CE39C620E}.Debug|Any CPU.ActiveCfg = Debug|Any CPU
		{40A3D2A5-1170-4B35-AAAE-775CE39C620E}.Debug|Any CPU.Build.0 = Debug|Any CPU
		{40A3D2A5-1170-4B35-AAAE-775CE39C620E}.Debug|Mixed Platforms.ActiveCfg = Debug|Any CPU
		{40A3D2A5-1170-4B35-AAAE-775CE39C620E}.Debug|Mixed Platforms.Build.0 = Debug|Any CPU
		{40A3D2A5-1170-4B35-AAAE-775CE39C620E}.Debug|x86.ActiveCfg = Debug|Any CPU
		{40A3D2A5-1170-4B35-AAAE-775CE39C620E}.Release|Any CPU.ActiveCfg = Release|Any CPU
		{40A3D2A5-1170-4B35-AAAE-775CE39C620E}.Release|Any CPU.Build.0 = Release|Any CPU
		{40A3D2A5-1170-4B35-AAAE-775CE39C620E}.Release|Mixed Platforms.ActiveCfg = Release|Any CPU
		{40A3D2A5-1170-4B35-AAAE-775CE39C620E}.Release|Mixed Platforms.Build.0 = Release|Any CPU
		{40A3D2A5-1170-4B35-AAAE-775CE39C620E}.Release|x86.ActiveCfg = Release|Any CPU
		{8EDF4429-251A-416D-BB68-93F227191BCF}.Debug|Any CPU.ActiveCfg = Debug|Any CPU
		{8EDF4429-251A-416D-BB68-93F227191BCF}.Debug|Any CPU.Build.0 = Debug|Any CPU
		{8EDF4429-251A-416D-BB68-93F227191BCF}.Debug|Mixed Platforms.ActiveCfg = Debug|Any CPU
		{8EDF4429-251A-416D-BB68-93F227191BCF}.Debug|Mixed Platforms.Build.0 = Debug|Any CPU
		{8EDF4429-251A-416D-BB68-93F227191BCF}.Debug|x86.ActiveCfg = Debug|Any CPU
		{8EDF4429-251A-416D-BB68-93F227191BCF}.Release|Any CPU.ActiveCfg = Release|Any CPU
		{8EDF4429-251A-416D-BB68-93F227191BCF}.Release|Any CPU.Build.0 = Release|Any CPU
		{8EDF4429-251A-416D-BB68-93F227191BCF}.Release|Mixed Platforms.ActiveCfg = Release|Any CPU
		{8EDF4429-251A-416D-BB68-93F227191BCF}.Release|Mixed Platforms.Build.0 = Release|Any CPU
		{8EDF4429-251A-416D-BB68-93F227191BCF}.Release|x86.ActiveCfg = Release|Any CPU
		{F337037C-F785-46B1-AF26-5E091A9391CD}.Debug|Any CPU.ActiveCfg = Debug|Any CPU
		{F337037C-F785-46B1-AF26-5E091A9391CD}.Debug|Any CPU.Build.0 = Debug|Any CPU
		{F337037C-F785-46B1-AF26-5E091A9391CD}.Debug|Mixed Platforms.ActiveCfg = Debug|Any CPU
		{F337037C-F785-46B1-AF26-5E091A9391CD}.Debug|Mixed Platforms.Build.0 = Debug|Any CPU
		{F337037C-F785-46B1-AF26-5E091A9391CD}.Debug|x86.ActiveCfg = Debug|Any CPU
		{F337037C-F785-46B1-AF26-5E091A9391CD}.Release|Any CPU.ActiveCfg = Release|Any CPU
		{F337037C-F785-46B1-AF26-5E091A9391CD}.Release|Any CPU.Build.0 = Release|Any CPU
		{F337037C-F785-46B1-AF26-5E091A9391CD}.Release|Mixed Platforms.ActiveCfg = Release|Any CPU
		{F337037C-F785-46B1-AF26-5E091A9391CD}.Release|Mixed Platforms.Build.0 = Release|Any CPU
		{F337037C-F785-46B1-AF26-5E091A9391CD}.Release|x86.ActiveCfg = Release|Any CPU
		{E4AC6E96-E627-4FDB-A3B4-4EEFAC10113A}.Debug|Any CPU.ActiveCfg = Debug|Any CPU
		{E4AC6E96-E627-4FDB-A3B4-4EEFAC10113A}.Debug|Any CPU.Build.0 = Debug|Any CPU
		{E4AC6E96-E627-4FDB-A3B4-4EEFAC10113A}.Debug|Mixed Platforms.ActiveCfg = Debug|Any CPU
		{E4AC6E96-E627-4FDB-A3B4-4EEFAC10113A}.Debug|Mixed Platforms.Build.0 = Debug|Any CPU
		{E4AC6E96-E627-4FDB-A3B4-4EEFAC10113A}.Debug|x86.ActiveCfg = Debug|Any CPU
		{E4AC6E96-E627-4FDB-A3B4-4EEFAC10113A}.Release|Any CPU.ActiveCfg = Release|Any CPU
		{E4AC6E96-E627-4FDB-A3B4-4EEFAC10113A}.Release|Any CPU.Build.0 = Release|Any CPU
		{E4AC6E96-E627-4FDB-A3B4-4EEFAC10113A}.Release|Mixed Platforms.ActiveCfg = Release|Any CPU
		{E4AC6E96-E627-4FDB-A3B4-4EEFAC10113A}.Release|Mixed Platforms.Build.0 = Release|Any CPU
		{E4AC6E96-E627-4FDB-A3B4-4EEFAC10113A}.Release|x86.ActiveCfg = Release|Any CPU
		{709712F9-33BA-4AE3-810C-9063AA059AD7}.Debug|Any CPU.ActiveCfg = Debug|Any CPU
		{709712F9-33BA-4AE3-810C-9063AA059AD7}.Debug|Any CPU.Build.0 = Debug|Any CPU
		{709712F9-33BA-4AE3-810C-9063AA059AD7}.Debug|Mixed Platforms.ActiveCfg = Debug|Any CPU
		{709712F9-33BA-4AE3-810C-9063AA059AD7}.Debug|Mixed Platforms.Build.0 = Debug|Any CPU
		{709712F9-33BA-4AE3-810C-9063AA059AD7}.Debug|x86.ActiveCfg = Debug|Any CPU
		{709712F9-33BA-4AE3-810C-9063AA059AD7}.Release|Any CPU.ActiveCfg = Release|Any CPU
		{709712F9-33BA-4AE3-810C-9063AA059AD7}.Release|Any CPU.Build.0 = Release|Any CPU
		{709712F9-33BA-4AE3-810C-9063AA059AD7}.Release|Mixed Platforms.ActiveCfg = Release|Any CPU
		{709712F9-33BA-4AE3-810C-9063AA059AD7}.Release|Mixed Platforms.Build.0 = Release|Any CPU
		{709712F9-33BA-4AE3-810C-9063AA059AD7}.Release|x86.ActiveCfg = Release|Any CPU
		{EB105C2F-A04E-4616-9570-313092841D2E}.Debug|Any CPU.ActiveCfg = Debug|Any CPU
		{EB105C2F-A04E-4616-9570-313092841D2E}.Debug|Any CPU.Build.0 = Debug|Any CPU
		{EB105C2F-A04E-4616-9570-313092841D2E}.Debug|Mixed Platforms.ActiveCfg = Debug|Any CPU
		{EB105C2F-A04E-4616-9570-313092841D2E}.Debug|Mixed Platforms.Build.0 = Debug|Any CPU
		{EB105C2F-A04E-4616-9570-313092841D2E}.Debug|x86.ActiveCfg = Debug|Any CPU
		{EB105C2F-A04E-4616-9570-313092841D2E}.Release|Any CPU.ActiveCfg = Release|Any CPU
		{EB105C2F-A04E-4616-9570-313092841D2E}.Release|Any CPU.Build.0 = Release|Any CPU
		{EB105C2F-A04E-4616-9570-313092841D2E}.Release|Mixed Platforms.ActiveCfg = Release|Any CPU
		{EB105C2F-A04E-4616-9570-313092841D2E}.Release|Mixed Platforms.Build.0 = Release|Any CPU
		{EB105C2F-A04E-4616-9570-313092841D2E}.Release|x86.ActiveCfg = Release|Any CPU
		{197CC298-A855-4188-9568-AD80AD03A7AA}.Debug|Any CPU.ActiveCfg = Debug|Any CPU
		{197CC298-A855-4188-9568-AD80AD03A7AA}.Debug|Any CPU.Build.0 = Debug|Any CPU
		{197CC298-A855-4188-9568-AD80AD03A7AA}.Debug|Mixed Platforms.ActiveCfg = Debug|Any CPU
		{197CC298-A855-4188-9568-AD80AD03A7AA}.Debug|Mixed Platforms.Build.0 = Debug|Any CPU
		{197CC298-A855-4188-9568-AD80AD03A7AA}.Debug|x86.ActiveCfg = Debug|Any CPU
		{197CC298-A855-4188-9568-AD80AD03A7AA}.Release|Any CPU.ActiveCfg = Release|Any CPU
		{197CC298-A855-4188-9568-AD80AD03A7AA}.Release|Any CPU.Build.0 = Release|Any CPU
		{197CC298-A855-4188-9568-AD80AD03A7AA}.Release|Mixed Platforms.ActiveCfg = Release|Any CPU
		{197CC298-A855-4188-9568-AD80AD03A7AA}.Release|Mixed Platforms.Build.0 = Release|Any CPU
		{197CC298-A855-4188-9568-AD80AD03A7AA}.Release|x86.ActiveCfg = Release|Any CPU
		{50326910-0BC9-4166-B6CF-1A3DA38E5C91}.Debug|Any CPU.ActiveCfg = Debug|Any CPU
		{50326910-0BC9-4166-B6CF-1A3DA38E5C91}.Debug|Any CPU.Build.0 = Debug|Any CPU
		{50326910-0BC9-4166-B6CF-1A3DA38E5C91}.Debug|Mixed Platforms.ActiveCfg = Debug|Any CPU
		{50326910-0BC9-4166-B6CF-1A3DA38E5C91}.Debug|Mixed Platforms.Build.0 = Debug|Any CPU
		{50326910-0BC9-4166-B6CF-1A3DA38E5C91}.Debug|x86.ActiveCfg = Debug|Any CPU
		{50326910-0BC9-4166-B6CF-1A3DA38E5C91}.Release|Any CPU.ActiveCfg = Release|Any CPU
		{50326910-0BC9-4166-B6CF-1A3DA38E5C91}.Release|Any CPU.Build.0 = Release|Any CPU
		{50326910-0BC9-4166-B6CF-1A3DA38E5C91}.Release|Mixed Platforms.ActiveCfg = Release|Any CPU
		{50326910-0BC9-4166-B6CF-1A3DA38E5C91}.Release|Mixed Platforms.Build.0 = Release|Any CPU
		{50326910-0BC9-4166-B6CF-1A3DA38E5C91}.Release|x86.ActiveCfg = Release|Any CPU
		{3F47B759-D883-4453-B399-A894F5A3E7F6}.Debug|Any CPU.ActiveCfg = Debug|Any CPU
		{3F47B759-D883-4453-B399-A894F5A3E7F6}.Debug|Any CPU.Build.0 = Debug|Any CPU
		{3F47B759-D883-4453-B399-A894F5A3E7F6}.Debug|Mixed Platforms.ActiveCfg = Debug|Any CPU
		{3F47B759-D883-4453-B399-A894F5A3E7F6}.Debug|Mixed Platforms.Build.0 = Debug|Any CPU
		{3F47B759-D883-4453-B399-A894F5A3E7F6}.Debug|x86.ActiveCfg = Debug|Any CPU
		{3F47B759-D883-4453-B399-A894F5A3E7F6}.Release|Any CPU.ActiveCfg = Release|Any CPU
		{3F47B759-D883-4453-B399-A894F5A3E7F6}.Release|Any CPU.Build.0 = Release|Any CPU
		{3F47B759-D883-4453-B399-A894F5A3E7F6}.Release|Mixed Platforms.ActiveCfg = Release|Any CPU
		{3F47B759-D883-4453-B399-A894F5A3E7F6}.Release|Mixed Platforms.Build.0 = Release|Any CPU
		{3F47B759-D883-4453-B399-A894F5A3E7F6}.Release|x86.ActiveCfg = Release|Any CPU
		{8898B42A-9ACA-4CE2-9AC1-536C5D4DF394}.Debug|Any CPU.ActiveCfg = Debug|Any CPU
		{8898B42A-9ACA-4CE2-9AC1-536C5D4DF394}.Debug|Any CPU.Build.0 = Debug|Any CPU
		{8898B42A-9ACA-4CE2-9AC1-536C5D4DF394}.Debug|Mixed Platforms.ActiveCfg = Debug|Any CPU
		{8898B42A-9ACA-4CE2-9AC1-536C5D4DF394}.Debug|Mixed Platforms.Build.0 = Debug|Any CPU
		{8898B42A-9ACA-4CE2-9AC1-536C5D4DF394}.Debug|x86.ActiveCfg = Debug|Any CPU
		{8898B42A-9ACA-4CE2-9AC1-536C5D4DF394}.Release|Any CPU.ActiveCfg = Release|Any CPU
		{8898B42A-9ACA-4CE2-9AC1-536C5D4DF394}.Release|Any CPU.Build.0 = Release|Any CPU
		{8898B42A-9ACA-4CE2-9AC1-536C5D4DF394}.Release|Mixed Platforms.ActiveCfg = Release|Any CPU
		{8898B42A-9ACA-4CE2-9AC1-536C5D4DF394}.Release|Mixed Platforms.Build.0 = Release|Any CPU
		{8898B42A-9ACA-4CE2-9AC1-536C5D4DF394}.Release|x86.ActiveCfg = Release|Any CPU
		{D22E578B-1F4B-4C44-AA73-EE36D6140390}.Debug|Any CPU.ActiveCfg = Debug|Any CPU
		{D22E578B-1F4B-4C44-AA73-EE36D6140390}.Debug|Any CPU.Build.0 = Debug|Any CPU
		{D22E578B-1F4B-4C44-AA73-EE36D6140390}.Debug|Mixed Platforms.ActiveCfg = Debug|Any CPU
		{D22E578B-1F4B-4C44-AA73-EE36D6140390}.Debug|Mixed Platforms.Build.0 = Debug|Any CPU
		{D22E578B-1F4B-4C44-AA73-EE36D6140390}.Debug|x86.ActiveCfg = Debug|Any CPU
		{D22E578B-1F4B-4C44-AA73-EE36D6140390}.Release|Any CPU.ActiveCfg = Release|Any CPU
		{D22E578B-1F4B-4C44-AA73-EE36D6140390}.Release|Any CPU.Build.0 = Release|Any CPU
		{D22E578B-1F4B-4C44-AA73-EE36D6140390}.Release|Mixed Platforms.ActiveCfg = Release|Any CPU
		{D22E578B-1F4B-4C44-AA73-EE36D6140390}.Release|Mixed Platforms.Build.0 = Release|Any CPU
		{D22E578B-1F4B-4C44-AA73-EE36D6140390}.Release|x86.ActiveCfg = Release|Any CPU
		{EF838FB6-7EA4-4CBA-B8AC-D1E645E5F5F7}.Debug|Any CPU.ActiveCfg = Debug|Any CPU
		{EF838FB6-7EA4-4CBA-B8AC-D1E645E5F5F7}.Debug|Any CPU.Build.0 = Debug|Any CPU
		{EF838FB6-7EA4-4CBA-B8AC-D1E645E5F5F7}.Debug|Mixed Platforms.ActiveCfg = Debug|Any CPU
		{EF838FB6-7EA4-4CBA-B8AC-D1E645E5F5F7}.Debug|Mixed Platforms.Build.0 = Debug|Any CPU
		{EF838FB6-7EA4-4CBA-B8AC-D1E645E5F5F7}.Debug|x86.ActiveCfg = Debug|Any CPU
		{EF838FB6-7EA4-4CBA-B8AC-D1E645E5F5F7}.Release|Any CPU.ActiveCfg = Release|Any CPU
		{EF838FB6-7EA4-4CBA-B8AC-D1E645E5F5F7}.Release|Any CPU.Build.0 = Release|Any CPU
		{EF838FB6-7EA4-4CBA-B8AC-D1E645E5F5F7}.Release|Mixed Platforms.ActiveCfg = Release|Any CPU
		{EF838FB6-7EA4-4CBA-B8AC-D1E645E5F5F7}.Release|Mixed Platforms.Build.0 = Release|Any CPU
		{EF838FB6-7EA4-4CBA-B8AC-D1E645E5F5F7}.Release|x86.ActiveCfg = Release|Any CPU
		{5E26A7BA-E770-44E7-A9AC-735E89D5667B}.Debug|Any CPU.ActiveCfg = Debug|Any CPU
		{5E26A7BA-E770-44E7-A9AC-735E89D5667B}.Debug|Any CPU.Build.0 = Debug|Any CPU
		{5E26A7BA-E770-44E7-A9AC-735E89D5667B}.Debug|Mixed Platforms.ActiveCfg = Debug|Any CPU
		{5E26A7BA-E770-44E7-A9AC-735E89D5667B}.Debug|Mixed Platforms.Build.0 = Debug|Any CPU
		{5E26A7BA-E770-44E7-A9AC-735E89D5667B}.Debug|x86.ActiveCfg = Debug|Any CPU
		{5E26A7BA-E770-44E7-A9AC-735E89D5667B}.Release|Any CPU.ActiveCfg = Release|Any CPU
		{5E26A7BA-E770-44E7-A9AC-735E89D5667B}.Release|Any CPU.Build.0 = Release|Any CPU
		{5E26A7BA-E770-44E7-A9AC-735E89D5667B}.Release|Mixed Platforms.ActiveCfg = Release|Any CPU
		{5E26A7BA-E770-44E7-A9AC-735E89D5667B}.Release|Mixed Platforms.Build.0 = Release|Any CPU
		{5E26A7BA-E770-44E7-A9AC-735E89D5667B}.Release|x86.ActiveCfg = Release|Any CPU
		{FCC99C9E-0801-4543-8BAB-22065380CB99}.Debug|Any CPU.ActiveCfg = Debug|Any CPU
		{FCC99C9E-0801-4543-8BAB-22065380CB99}.Debug|Any CPU.Build.0 = Debug|Any CPU
		{FCC99C9E-0801-4543-8BAB-22065380CB99}.Debug|Mixed Platforms.ActiveCfg = Debug|Any CPU
		{FCC99C9E-0801-4543-8BAB-22065380CB99}.Debug|Mixed Platforms.Build.0 = Debug|Any CPU
		{FCC99C9E-0801-4543-8BAB-22065380CB99}.Debug|x86.ActiveCfg = Debug|Any CPU
		{FCC99C9E-0801-4543-8BAB-22065380CB99}.Release|Any CPU.ActiveCfg = Release|Any CPU
		{FCC99C9E-0801-4543-8BAB-22065380CB99}.Release|Any CPU.Build.0 = Release|Any CPU
		{FCC99C9E-0801-4543-8BAB-22065380CB99}.Release|Mixed Platforms.ActiveCfg = Release|Any CPU
		{FCC99C9E-0801-4543-8BAB-22065380CB99}.Release|Mixed Platforms.Build.0 = Release|Any CPU
		{FCC99C9E-0801-4543-8BAB-22065380CB99}.Release|x86.ActiveCfg = Release|Any CPU
		{937E2747-2226-42DD-8343-63B236CF0CBF}.Debug|Any CPU.ActiveCfg = Debug|Any CPU
		{937E2747-2226-42DD-8343-63B236CF0CBF}.Debug|Any CPU.Build.0 = Debug|Any CPU
		{937E2747-2226-42DD-8343-63B236CF0CBF}.Debug|Mixed Platforms.ActiveCfg = Debug|Any CPU
		{937E2747-2226-42DD-8343-63B236CF0CBF}.Debug|Mixed Platforms.Build.0 = Debug|Any CPU
		{937E2747-2226-42DD-8343-63B236CF0CBF}.Debug|x86.ActiveCfg = Debug|Any CPU
		{937E2747-2226-42DD-8343-63B236CF0CBF}.Release|Any CPU.ActiveCfg = Release|Any CPU
		{937E2747-2226-42DD-8343-63B236CF0CBF}.Release|Any CPU.Build.0 = Release|Any CPU
		{937E2747-2226-42DD-8343-63B236CF0CBF}.Release|Mixed Platforms.ActiveCfg = Release|Any CPU
		{937E2747-2226-42DD-8343-63B236CF0CBF}.Release|Mixed Platforms.Build.0 = Release|Any CPU
		{937E2747-2226-42DD-8343-63B236CF0CBF}.Release|x86.ActiveCfg = Release|Any CPU
		{2497DACB-4A4C-4469-A8E7-ED19A2F22CF1}.Debug|Any CPU.ActiveCfg = Debug|Any CPU
		{2497DACB-4A4C-4469-A8E7-ED19A2F22CF1}.Debug|Any CPU.Build.0 = Debug|Any CPU
		{2497DACB-4A4C-4469-A8E7-ED19A2F22CF1}.Debug|Mixed Platforms.ActiveCfg = Debug|Any CPU
		{2497DACB-4A4C-4469-A8E7-ED19A2F22CF1}.Debug|Mixed Platforms.Build.0 = Debug|Any CPU
		{2497DACB-4A4C-4469-A8E7-ED19A2F22CF1}.Debug|x86.ActiveCfg = Debug|Any CPU
		{2497DACB-4A4C-4469-A8E7-ED19A2F22CF1}.Debug|x86.Build.0 = Debug|Any CPU
		{2497DACB-4A4C-4469-A8E7-ED19A2F22CF1}.Release|Any CPU.ActiveCfg = Release|Any CPU
		{2497DACB-4A4C-4469-A8E7-ED19A2F22CF1}.Release|Any CPU.Build.0 = Release|Any CPU
		{2497DACB-4A4C-4469-A8E7-ED19A2F22CF1}.Release|Mixed Platforms.ActiveCfg = Release|Any CPU
		{2497DACB-4A4C-4469-A8E7-ED19A2F22CF1}.Release|Mixed Platforms.Build.0 = Release|Any CPU
		{2497DACB-4A4C-4469-A8E7-ED19A2F22CF1}.Release|x86.ActiveCfg = Release|Any CPU
		{2497DACB-4A4C-4469-A8E7-ED19A2F22CF1}.Release|x86.Build.0 = Release|Any CPU
		{559FA231-7C18-4949-92A9-57E7DE1AEEF0}.Debug|Any CPU.ActiveCfg = Debug|Any CPU
		{559FA231-7C18-4949-92A9-57E7DE1AEEF0}.Debug|Any CPU.Build.0 = Debug|Any CPU
		{559FA231-7C18-4949-92A9-57E7DE1AEEF0}.Debug|Mixed Platforms.ActiveCfg = Debug|Any CPU
		{559FA231-7C18-4949-92A9-57E7DE1AEEF0}.Debug|Mixed Platforms.Build.0 = Debug|Any CPU
		{559FA231-7C18-4949-92A9-57E7DE1AEEF0}.Debug|x86.ActiveCfg = Debug|Any CPU
		{559FA231-7C18-4949-92A9-57E7DE1AEEF0}.Debug|x86.Build.0 = Debug|Any CPU
		{559FA231-7C18-4949-92A9-57E7DE1AEEF0}.Release|Any CPU.ActiveCfg = Release|Any CPU
		{559FA231-7C18-4949-92A9-57E7DE1AEEF0}.Release|Any CPU.Build.0 = Release|Any CPU
		{559FA231-7C18-4949-92A9-57E7DE1AEEF0}.Release|Mixed Platforms.ActiveCfg = Release|Any CPU
		{559FA231-7C18-4949-92A9-57E7DE1AEEF0}.Release|Mixed Platforms.Build.0 = Release|Any CPU
		{559FA231-7C18-4949-92A9-57E7DE1AEEF0}.Release|x86.ActiveCfg = Release|Any CPU
		{559FA231-7C18-4949-92A9-57E7DE1AEEF0}.Release|x86.Build.0 = Release|Any CPU
		{C4C1F90F-AB8C-48F7-B5AB-9F69540D00C1}.Debug|Any CPU.ActiveCfg = Debug|Any CPU
		{C4C1F90F-AB8C-48F7-B5AB-9F69540D00C1}.Debug|Any CPU.Build.0 = Debug|Any CPU
		{C4C1F90F-AB8C-48F7-B5AB-9F69540D00C1}.Debug|Mixed Platforms.ActiveCfg = Debug|Any CPU
		{C4C1F90F-AB8C-48F7-B5AB-9F69540D00C1}.Debug|Mixed Platforms.Build.0 = Debug|Any CPU
		{C4C1F90F-AB8C-48F7-B5AB-9F69540D00C1}.Debug|x86.ActiveCfg = Debug|Any CPU
		{C4C1F90F-AB8C-48F7-B5AB-9F69540D00C1}.Debug|x86.Build.0 = Debug|Any CPU
		{C4C1F90F-AB8C-48F7-B5AB-9F69540D00C1}.Release|Any CPU.ActiveCfg = Release|Any CPU
		{C4C1F90F-AB8C-48F7-B5AB-9F69540D00C1}.Release|Any CPU.Build.0 = Release|Any CPU
		{C4C1F90F-AB8C-48F7-B5AB-9F69540D00C1}.Release|Mixed Platforms.ActiveCfg = Release|Any CPU
		{C4C1F90F-AB8C-48F7-B5AB-9F69540D00C1}.Release|Mixed Platforms.Build.0 = Release|Any CPU
		{C4C1F90F-AB8C-48F7-B5AB-9F69540D00C1}.Release|x86.ActiveCfg = Release|Any CPU
		{C4C1F90F-AB8C-48F7-B5AB-9F69540D00C1}.Release|x86.Build.0 = Release|Any CPU
		{93A2C24E-3D93-43C1-9087-3A5EDAE5C5CE}.Debug|Any CPU.ActiveCfg = Debug|Any CPU
		{93A2C24E-3D93-43C1-9087-3A5EDAE5C5CE}.Debug|Any CPU.Build.0 = Debug|Any CPU
		{93A2C24E-3D93-43C1-9087-3A5EDAE5C5CE}.Debug|Mixed Platforms.ActiveCfg = Debug|Any CPU
		{93A2C24E-3D93-43C1-9087-3A5EDAE5C5CE}.Debug|Mixed Platforms.Build.0 = Debug|Any CPU
		{93A2C24E-3D93-43C1-9087-3A5EDAE5C5CE}.Debug|x86.ActiveCfg = Debug|Any CPU
		{93A2C24E-3D93-43C1-9087-3A5EDAE5C5CE}.Debug|x86.Build.0 = Debug|Any CPU
		{93A2C24E-3D93-43C1-9087-3A5EDAE5C5CE}.Release|Any CPU.ActiveCfg = Release|Any CPU
		{93A2C24E-3D93-43C1-9087-3A5EDAE5C5CE}.Release|Any CPU.Build.0 = Release|Any CPU
		{93A2C24E-3D93-43C1-9087-3A5EDAE5C5CE}.Release|Mixed Platforms.ActiveCfg = Release|Any CPU
		{93A2C24E-3D93-43C1-9087-3A5EDAE5C5CE}.Release|Mixed Platforms.Build.0 = Release|Any CPU
		{93A2C24E-3D93-43C1-9087-3A5EDAE5C5CE}.Release|x86.ActiveCfg = Release|Any CPU
		{93A2C24E-3D93-43C1-9087-3A5EDAE5C5CE}.Release|x86.Build.0 = Release|Any CPU
		{2748B0CB-D8F6-423D-B14C-8BD090CE4FDF}.Debug|Any CPU.ActiveCfg = Debug|Any CPU
		{2748B0CB-D8F6-423D-B14C-8BD090CE4FDF}.Debug|Any CPU.Build.0 = Debug|Any CPU
		{2748B0CB-D8F6-423D-B14C-8BD090CE4FDF}.Debug|Mixed Platforms.ActiveCfg = Debug|Any CPU
		{2748B0CB-D8F6-423D-B14C-8BD090CE4FDF}.Debug|Mixed Platforms.Build.0 = Debug|Any CPU
		{2748B0CB-D8F6-423D-B14C-8BD090CE4FDF}.Debug|x86.ActiveCfg = Debug|Any CPU
		{2748B0CB-D8F6-423D-B14C-8BD090CE4FDF}.Debug|x86.Build.0 = Debug|Any CPU
		{2748B0CB-D8F6-423D-B14C-8BD090CE4FDF}.Release|Any CPU.ActiveCfg = Release|Any CPU
		{2748B0CB-D8F6-423D-B14C-8BD090CE4FDF}.Release|Any CPU.Build.0 = Release|Any CPU
		{2748B0CB-D8F6-423D-B14C-8BD090CE4FDF}.Release|Mixed Platforms.ActiveCfg = Release|Any CPU
		{2748B0CB-D8F6-423D-B14C-8BD090CE4FDF}.Release|Mixed Platforms.Build.0 = Release|Any CPU
		{2748B0CB-D8F6-423D-B14C-8BD090CE4FDF}.Release|x86.ActiveCfg = Release|Any CPU
		{2748B0CB-D8F6-423D-B14C-8BD090CE4FDF}.Release|x86.Build.0 = Release|Any CPU
		{9B3E2B06-6589-4B11-B8D4-B726E9D94883}.Debug|Any CPU.ActiveCfg = Debug|Any CPU
		{9B3E2B06-6589-4B11-B8D4-B726E9D94883}.Debug|Any CPU.Build.0 = Debug|Any CPU
		{9B3E2B06-6589-4B11-B8D4-B726E9D94883}.Debug|Mixed Platforms.ActiveCfg = Debug|Any CPU
		{9B3E2B06-6589-4B11-B8D4-B726E9D94883}.Debug|Mixed Platforms.Build.0 = Debug|Any CPU
		{9B3E2B06-6589-4B11-B8D4-B726E9D94883}.Debug|x86.ActiveCfg = Debug|Any CPU
		{9B3E2B06-6589-4B11-B8D4-B726E9D94883}.Debug|x86.Build.0 = Debug|Any CPU
		{9B3E2B06-6589-4B11-B8D4-B726E9D94883}.Release|Any CPU.ActiveCfg = Release|Any CPU
		{9B3E2B06-6589-4B11-B8D4-B726E9D94883}.Release|Any CPU.Build.0 = Release|Any CPU
		{9B3E2B06-6589-4B11-B8D4-B726E9D94883}.Release|Mixed Platforms.ActiveCfg = Release|Any CPU
		{9B3E2B06-6589-4B11-B8D4-B726E9D94883}.Release|Mixed Platforms.Build.0 = Release|Any CPU
		{9B3E2B06-6589-4B11-B8D4-B726E9D94883}.Release|x86.ActiveCfg = Release|Any CPU
		{9B3E2B06-6589-4B11-B8D4-B726E9D94883}.Release|x86.Build.0 = Release|Any CPU
		{6D2E3AD4-2B3F-4832-BF1B-B46248CB72C2}.Debug|Any CPU.ActiveCfg = Debug|Any CPU
		{6D2E3AD4-2B3F-4832-BF1B-B46248CB72C2}.Debug|Any CPU.Build.0 = Debug|Any CPU
		{6D2E3AD4-2B3F-4832-BF1B-B46248CB72C2}.Debug|Mixed Platforms.ActiveCfg = Debug|Any CPU
		{6D2E3AD4-2B3F-4832-BF1B-B46248CB72C2}.Debug|Mixed Platforms.Build.0 = Debug|Any CPU
		{6D2E3AD4-2B3F-4832-BF1B-B46248CB72C2}.Debug|x86.ActiveCfg = Debug|Any CPU
		{6D2E3AD4-2B3F-4832-BF1B-B46248CB72C2}.Debug|x86.Build.0 = Debug|Any CPU
		{6D2E3AD4-2B3F-4832-BF1B-B46248CB72C2}.Release|Any CPU.ActiveCfg = Release|Any CPU
		{6D2E3AD4-2B3F-4832-BF1B-B46248CB72C2}.Release|Any CPU.Build.0 = Release|Any CPU
		{6D2E3AD4-2B3F-4832-BF1B-B46248CB72C2}.Release|Mixed Platforms.ActiveCfg = Release|Any CPU
		{6D2E3AD4-2B3F-4832-BF1B-B46248CB72C2}.Release|Mixed Platforms.Build.0 = Release|Any CPU
		{6D2E3AD4-2B3F-4832-BF1B-B46248CB72C2}.Release|x86.ActiveCfg = Release|Any CPU
		{6D2E3AD4-2B3F-4832-BF1B-B46248CB72C2}.Release|x86.Build.0 = Release|Any CPU
		{5EEAB6A4-6257-4D3D-AF01-F713302A218F}.Debug|Any CPU.ActiveCfg = Debug|Any CPU
		{5EEAB6A4-6257-4D3D-AF01-F713302A218F}.Debug|Any CPU.Build.0 = Debug|Any CPU
		{5EEAB6A4-6257-4D3D-AF01-F713302A218F}.Debug|Mixed Platforms.ActiveCfg = Debug|Any CPU
		{5EEAB6A4-6257-4D3D-AF01-F713302A218F}.Debug|Mixed Platforms.Build.0 = Debug|Any CPU
		{5EEAB6A4-6257-4D3D-AF01-F713302A218F}.Debug|x86.ActiveCfg = Debug|Any CPU
		{5EEAB6A4-6257-4D3D-AF01-F713302A218F}.Debug|x86.Build.0 = Debug|Any CPU
		{5EEAB6A4-6257-4D3D-AF01-F713302A218F}.Release|Any CPU.ActiveCfg = Release|Any CPU
		{5EEAB6A4-6257-4D3D-AF01-F713302A218F}.Release|Any CPU.Build.0 = Release|Any CPU
		{5EEAB6A4-6257-4D3D-AF01-F713302A218F}.Release|Mixed Platforms.ActiveCfg = Release|Any CPU
		{5EEAB6A4-6257-4D3D-AF01-F713302A218F}.Release|Mixed Platforms.Build.0 = Release|Any CPU
		{5EEAB6A4-6257-4D3D-AF01-F713302A218F}.Release|x86.ActiveCfg = Release|Any CPU
		{5EEAB6A4-6257-4D3D-AF01-F713302A218F}.Release|x86.Build.0 = Release|Any CPU
		{4CCB862A-8FC8-4DDD-ABA0-7C4ECC74A62D}.Debug|Any CPU.ActiveCfg = Debug|Any CPU
		{4CCB862A-8FC8-4DDD-ABA0-7C4ECC74A62D}.Debug|Any CPU.Build.0 = Debug|Any CPU
		{4CCB862A-8FC8-4DDD-ABA0-7C4ECC74A62D}.Debug|Mixed Platforms.ActiveCfg = Debug|Any CPU
		{4CCB862A-8FC8-4DDD-ABA0-7C4ECC74A62D}.Debug|Mixed Platforms.Build.0 = Debug|Any CPU
		{4CCB862A-8FC8-4DDD-ABA0-7C4ECC74A62D}.Debug|x86.ActiveCfg = Debug|Any CPU
		{4CCB862A-8FC8-4DDD-ABA0-7C4ECC74A62D}.Debug|x86.Build.0 = Debug|Any CPU
		{4CCB862A-8FC8-4DDD-ABA0-7C4ECC74A62D}.Release|Any CPU.ActiveCfg = Release|Any CPU
		{4CCB862A-8FC8-4DDD-ABA0-7C4ECC74A62D}.Release|Any CPU.Build.0 = Release|Any CPU
		{4CCB862A-8FC8-4DDD-ABA0-7C4ECC74A62D}.Release|Mixed Platforms.ActiveCfg = Release|Any CPU
		{4CCB862A-8FC8-4DDD-ABA0-7C4ECC74A62D}.Release|Mixed Platforms.Build.0 = Release|Any CPU
		{4CCB862A-8FC8-4DDD-ABA0-7C4ECC74A62D}.Release|x86.ActiveCfg = Release|Any CPU
		{4CCB862A-8FC8-4DDD-ABA0-7C4ECC74A62D}.Release|x86.Build.0 = Release|Any CPU
		{620F6AC0-B6B5-4D4E-8F3C-2E5205AE78F2}.Debug|Any CPU.ActiveCfg = Debug|Any CPU
		{620F6AC0-B6B5-4D4E-8F3C-2E5205AE78F2}.Debug|Any CPU.Build.0 = Debug|Any CPU
		{620F6AC0-B6B5-4D4E-8F3C-2E5205AE78F2}.Debug|Mixed Platforms.ActiveCfg = Debug|Any CPU
		{620F6AC0-B6B5-4D4E-8F3C-2E5205AE78F2}.Debug|Mixed Platforms.Build.0 = Debug|Any CPU
		{620F6AC0-B6B5-4D4E-8F3C-2E5205AE78F2}.Debug|x86.ActiveCfg = Debug|Any CPU
		{620F6AC0-B6B5-4D4E-8F3C-2E5205AE78F2}.Debug|x86.Build.0 = Debug|Any CPU
		{620F6AC0-B6B5-4D4E-8F3C-2E5205AE78F2}.Release|Any CPU.ActiveCfg = Release|Any CPU
		{620F6AC0-B6B5-4D4E-8F3C-2E5205AE78F2}.Release|Any CPU.Build.0 = Release|Any CPU
		{620F6AC0-B6B5-4D4E-8F3C-2E5205AE78F2}.Release|Mixed Platforms.ActiveCfg = Release|Any CPU
		{620F6AC0-B6B5-4D4E-8F3C-2E5205AE78F2}.Release|Mixed Platforms.Build.0 = Release|Any CPU
		{620F6AC0-B6B5-4D4E-8F3C-2E5205AE78F2}.Release|x86.ActiveCfg = Release|Any CPU
		{620F6AC0-B6B5-4D4E-8F3C-2E5205AE78F2}.Release|x86.Build.0 = Release|Any CPU
		{6F3AED47-9242-4D44-8E3C-53F1D06074C0}.Debug|Any CPU.ActiveCfg = Debug|Any CPU
		{6F3AED47-9242-4D44-8E3C-53F1D06074C0}.Debug|Any CPU.Build.0 = Debug|Any CPU
		{6F3AED47-9242-4D44-8E3C-53F1D06074C0}.Debug|Mixed Platforms.ActiveCfg = Debug|Any CPU
		{6F3AED47-9242-4D44-8E3C-53F1D06074C0}.Debug|Mixed Platforms.Build.0 = Debug|Any CPU
		{6F3AED47-9242-4D44-8E3C-53F1D06074C0}.Debug|x86.ActiveCfg = Debug|Any CPU
		{6F3AED47-9242-4D44-8E3C-53F1D06074C0}.Debug|x86.Build.0 = Debug|Any CPU
		{6F3AED47-9242-4D44-8E3C-53F1D06074C0}.Release|Any CPU.ActiveCfg = Release|Any CPU
		{6F3AED47-9242-4D44-8E3C-53F1D06074C0}.Release|Any CPU.Build.0 = Release|Any CPU
		{6F3AED47-9242-4D44-8E3C-53F1D06074C0}.Release|Mixed Platforms.ActiveCfg = Release|Any CPU
		{6F3AED47-9242-4D44-8E3C-53F1D06074C0}.Release|Mixed Platforms.Build.0 = Release|Any CPU
		{6F3AED47-9242-4D44-8E3C-53F1D06074C0}.Release|x86.ActiveCfg = Release|Any CPU
		{6F3AED47-9242-4D44-8E3C-53F1D06074C0}.Release|x86.Build.0 = Release|Any CPU
		{00C0E4AC-E434-49E8-9847-7AB37DAA735A}.Debug|Any CPU.ActiveCfg = Debug|Any CPU
		{00C0E4AC-E434-49E8-9847-7AB37DAA735A}.Debug|Any CPU.Build.0 = Debug|Any CPU
		{00C0E4AC-E434-49E8-9847-7AB37DAA735A}.Debug|Mixed Platforms.ActiveCfg = Debug|Any CPU
		{00C0E4AC-E434-49E8-9847-7AB37DAA735A}.Debug|Mixed Platforms.Build.0 = Debug|Any CPU
		{00C0E4AC-E434-49E8-9847-7AB37DAA735A}.Debug|x86.ActiveCfg = Debug|Any CPU
		{00C0E4AC-E434-49E8-9847-7AB37DAA735A}.Debug|x86.Build.0 = Debug|Any CPU
		{00C0E4AC-E434-49E8-9847-7AB37DAA735A}.Release|Any CPU.ActiveCfg = Release|Any CPU
		{00C0E4AC-E434-49E8-9847-7AB37DAA735A}.Release|Any CPU.Build.0 = Release|Any CPU
		{00C0E4AC-E434-49E8-9847-7AB37DAA735A}.Release|Mixed Platforms.ActiveCfg = Release|Any CPU
		{00C0E4AC-E434-49E8-9847-7AB37DAA735A}.Release|Mixed Platforms.Build.0 = Release|Any CPU
		{00C0E4AC-E434-49E8-9847-7AB37DAA735A}.Release|x86.ActiveCfg = Release|Any CPU
		{00C0E4AC-E434-49E8-9847-7AB37DAA735A}.Release|x86.Build.0 = Release|Any CPU
		{D727CF19-0DD9-4F7C-998E-36ADDF91451A}.Debug|Any CPU.ActiveCfg = Debug|Any CPU
		{D727CF19-0DD9-4F7C-998E-36ADDF91451A}.Debug|Any CPU.Build.0 = Debug|Any CPU
		{D727CF19-0DD9-4F7C-998E-36ADDF91451A}.Debug|Mixed Platforms.ActiveCfg = Debug|Any CPU
		{D727CF19-0DD9-4F7C-998E-36ADDF91451A}.Debug|Mixed Platforms.Build.0 = Debug|Any CPU
		{D727CF19-0DD9-4F7C-998E-36ADDF91451A}.Debug|x86.ActiveCfg = Debug|Any CPU
		{D727CF19-0DD9-4F7C-998E-36ADDF91451A}.Debug|x86.Build.0 = Debug|Any CPU
		{D727CF19-0DD9-4F7C-998E-36ADDF91451A}.Release|Any CPU.ActiveCfg = Release|Any CPU
		{D727CF19-0DD9-4F7C-998E-36ADDF91451A}.Release|Any CPU.Build.0 = Release|Any CPU
		{D727CF19-0DD9-4F7C-998E-36ADDF91451A}.Release|Mixed Platforms.ActiveCfg = Release|Any CPU
		{D727CF19-0DD9-4F7C-998E-36ADDF91451A}.Release|Mixed Platforms.Build.0 = Release|Any CPU
		{D727CF19-0DD9-4F7C-998E-36ADDF91451A}.Release|x86.ActiveCfg = Release|Any CPU
		{D727CF19-0DD9-4F7C-998E-36ADDF91451A}.Release|x86.Build.0 = Release|Any CPU
		{1CB4C171-C20F-48DD-BED0-85E8D367BD88}.Debug|Any CPU.ActiveCfg = Debug|Any CPU
		{1CB4C171-C20F-48DD-BED0-85E8D367BD88}.Debug|Any CPU.Build.0 = Debug|Any CPU
		{1CB4C171-C20F-48DD-BED0-85E8D367BD88}.Debug|Mixed Platforms.ActiveCfg = Debug|Any CPU
		{1CB4C171-C20F-48DD-BED0-85E8D367BD88}.Debug|Mixed Platforms.Build.0 = Debug|Any CPU
		{1CB4C171-C20F-48DD-BED0-85E8D367BD88}.Debug|x86.ActiveCfg = Debug|Any CPU
		{1CB4C171-C20F-48DD-BED0-85E8D367BD88}.Debug|x86.Build.0 = Debug|Any CPU
		{1CB4C171-C20F-48DD-BED0-85E8D367BD88}.Release|Any CPU.ActiveCfg = Release|Any CPU
		{1CB4C171-C20F-48DD-BED0-85E8D367BD88}.Release|Any CPU.Build.0 = Release|Any CPU
		{1CB4C171-C20F-48DD-BED0-85E8D367BD88}.Release|Mixed Platforms.ActiveCfg = Release|Any CPU
		{1CB4C171-C20F-48DD-BED0-85E8D367BD88}.Release|Mixed Platforms.Build.0 = Release|Any CPU
		{1CB4C171-C20F-48DD-BED0-85E8D367BD88}.Release|x86.ActiveCfg = Release|Any CPU
		{1CB4C171-C20F-48DD-BED0-85E8D367BD88}.Release|x86.Build.0 = Release|Any CPU
	EndGlobalSection
	GlobalSection(SolutionProperties) = preSolution
		HideSolutionNode = FALSE
	EndGlobalSection
	GlobalSection(NestedProjects) = preSolution
		{B6C94842-8801-446B-AF97-518E39204BF0} = {800E7B82-A627-4897-89B9-2AF24BA9DBED}
		{244060FC-7049-4491-9C07-439F4B82AEB3} = {D519D2A0-21B4-4D0E-AE28-E163B35A3D75}
		{A2EB06A0-91DB-457B-ADDC-C0BCBA202C00} = {D519D2A0-21B4-4D0E-AE28-E163B35A3D75}
		{1E024BDA-A744-4D54-BB23-421E05D872F3} = {D519D2A0-21B4-4D0E-AE28-E163B35A3D75}
		{46B566B1-65E7-4E21-A03E-4C6691984863} = {D519D2A0-21B4-4D0E-AE28-E163B35A3D75}
		{D1B240F3-CAFB-45E7-8437-5792640E91E5} = {92D4E331-B1E2-44E4-BF4F-7CBC7D756022}
		{31B1D179-CDDF-47C3-8CFC-DF2867D89022} = {973D6ACD-96FF-4048-9134-8FB22E125A0E}
		{11307DD9-8D6F-4F99-ABEA-02B6E82F29D7} = {E3A135B8-E9DF-463A-8E32-D438D48E5EF4}
		{40A3D2A5-1170-4B35-AAAE-775CE39C620E} = {E3A135B8-E9DF-463A-8E32-D438D48E5EF4}
		{8EDF4429-251A-416D-BB68-93F227191BCF} = {973D6ACD-96FF-4048-9134-8FB22E125A0E}
		{E3A135B8-E9DF-463A-8E32-D438D48E5EF4} = {BBC9EFE1-F579-4ECD-9484-DCF6D20E7578}
		{F337037C-F785-46B1-AF26-5E091A9391CD} = {E3A135B8-E9DF-463A-8E32-D438D48E5EF4}
		{E4AC6E96-E627-4FDB-A3B4-4EEFAC10113A} = {E3A135B8-E9DF-463A-8E32-D438D48E5EF4}
		{709712F9-33BA-4AE3-810C-9063AA059AD7} = {79D57BCA-450E-4489-9A73-03673A8ADC7F}
		{EB105C2F-A04E-4616-9570-313092841D2E} = {79D57BCA-450E-4489-9A73-03673A8ADC7F}
		{973D6ACD-96FF-4048-9134-8FB22E125A0E} = {BBC9EFE1-F579-4ECD-9484-DCF6D20E7578}
		{79D57BCA-450E-4489-9A73-03673A8ADC7F} = {BBC9EFE1-F579-4ECD-9484-DCF6D20E7578}
		{197CC298-A855-4188-9568-AD80AD03A7AA} = {D519D2A0-21B4-4D0E-AE28-E163B35A3D75}
		{50326910-0BC9-4166-B6CF-1A3DA38E5C91} = {800E7B82-A627-4897-89B9-2AF24BA9DBED}
		{3F47B759-D883-4453-B399-A894F5A3E7F6} = {755051DC-EED9-4FDC-BEA6-FF961F443E0A}
		{8898B42A-9ACA-4CE2-9AC1-536C5D4DF394} = {800E7B82-A627-4897-89B9-2AF24BA9DBED}
		{D22E578B-1F4B-4C44-AA73-EE36D6140390} = {800E7B82-A627-4897-89B9-2AF24BA9DBED}
		{EF838FB6-7EA4-4CBA-B8AC-D1E645E5F5F7} = {800E7B82-A627-4897-89B9-2AF24BA9DBED}
		{5E26A7BA-E770-44E7-A9AC-735E89D5667B} = {755051DC-EED9-4FDC-BEA6-FF961F443E0A}
		{FCC99C9E-0801-4543-8BAB-22065380CB99} = {92D4E331-B1E2-44E4-BF4F-7CBC7D756022}
		{937E2747-2226-42DD-8343-63B236CF0CBF} = {800E7B82-A627-4897-89B9-2AF24BA9DBED}
		{C4C1F90F-AB8C-48F7-B5AB-9F69540D00C1} = {D519D2A0-21B4-4D0E-AE28-E163B35A3D75}
		{93A2C24E-3D93-43C1-9087-3A5EDAE5C5CE} = {755051DC-EED9-4FDC-BEA6-FF961F443E0A}
		{2748B0CB-D8F6-423D-B14C-8BD090CE4FDF} = {755051DC-EED9-4FDC-BEA6-FF961F443E0A}
		{5EEAB6A4-6257-4D3D-AF01-F713302A218F} = {800E7B82-A627-4897-89B9-2AF24BA9DBED}
		{4CCB862A-8FC8-4DDD-ABA0-7C4ECC74A62D} = {800E7B82-A627-4897-89B9-2AF24BA9DBED}
		{6F3AED47-9242-4D44-8E3C-53F1D06074C0} = {800E7B82-A627-4897-89B9-2AF24BA9DBED}
		{00C0E4AC-E434-49E8-9847-7AB37DAA735A} = {92D4E331-B1E2-44E4-BF4F-7CBC7D756022}
		{1CB4C171-C20F-48DD-BED0-85E8D367BD88} = {D47A289F-1831-4E29-89F7-8936272453FD}
	EndGlobalSection
	GlobalSection(ExtensibilityGlobals) = postSolution
		SolutionGuid = {827A0885-D816-47A8-9B7F-F679AAD8F2D9}
	EndGlobalSection
EndGlobal
